// !$*UTF8*$!
{
	archiveVersion = 1;
	classes = {
	};
	objectVersion = 46;
	objects = {

/* Begin PBXBuildFile section */
		6C00316F1EC02420004C1081 /* UIView+additional.m in Sources */ = {isa = PBXBuildFile; fileRef = 6C00316E1EC02420004C1081 /* UIView+additional.m */; };
		6C0031761EC02BCB004C1081 /* ic_lottery0.png in Resources */ = {isa = PBXBuildFile; fileRef = 6C0031711EC02BCB004C1081 /* ic_lottery0.png */; };
		6C0031771EC02BCB004C1081 /* ic_lottery2.png in Resources */ = {isa = PBXBuildFile; fileRef = 6C0031721EC02BCB004C1081 /* ic_lottery2.png */; };
		6C0031781EC02BCB004C1081 /* ic_lottery4.png in Resources */ = {isa = PBXBuildFile; fileRef = 6C0031731EC02BCB004C1081 /* ic_lottery4.png */; };
		6C0031791EC02BCB004C1081 /* ic_lottery1.png in Resources */ = {isa = PBXBuildFile; fileRef = 6C0031741EC02BCB004C1081 /* ic_lottery1.png */; };
		6C00317A1EC02BCB004C1081 /* ic_lottery3.png in Resources */ = {isa = PBXBuildFile; fileRef = 6C0031751EC02BCB004C1081 /* ic_lottery3.png */; };
		6C00317F1EC05438004C1081 /* FGLanguageTool.m in Sources */ = {isa = PBXBuildFile; fileRef = 6C00317E1EC05438004C1081 /* FGLanguageTool.m */; };
		6C00318C1EC05859004C1081 /* LaunchScreen.storyboard in Resources */ = {isa = PBXBuildFile; fileRef = 6C0031881EC05859004C1081 /* LaunchScreen.storyboard */; };
		6C0031961EC05F63004C1081 /* CustomLocalizable.strings in Resources */ = {isa = PBXBuildFile; fileRef = 6C0031981EC05F63004C1081 /* CustomLocalizable.strings */; };
		6C07C6571EC0042F0086869E /* typesModel.m in Sources */ = {isa = PBXBuildFile; fileRef = 6C07C6561EC0042F0086869E /* typesModel.m */; };
		6C07C65B1EC00A7D0086869E /* LotteryControl.m in Sources */ = {isa = PBXBuildFile; fileRef = 6C07C65A1EC00A7D0086869E /* LotteryControl.m */; };
		6C07C6601EC00BD40086869E /* ic_banner1.png in Resources */ = {isa = PBXBuildFile; fileRef = 6C07C65D1EC00BD40086869E /* ic_banner1.png */; };
		6C07C6611EC00BD40086869E /* ic_banner2.png in Resources */ = {isa = PBXBuildFile; fileRef = 6C07C65E1EC00BD40086869E /* ic_banner2.png */; };
		6C07C6621EC00BD40086869E /* ic_banner3.png in Resources */ = {isa = PBXBuildFile; fileRef = 6C07C65F1EC00BD40086869E /* ic_banner3.png */; };
		6C07C6661EC010EE0086869E /* CustomGroupView.m in Sources */ = {isa = PBXBuildFile; fileRef = 6C07C6651EC010EE0086869E /* CustomGroupView.m */; };
		6C34BF051EC93B0600E65C3E /* Info.plist in Resources */ = {isa = PBXBuildFile; fileRef = 6C34BF041EC93B0600E65C3E /* Info.plist */; };
		6C34BF091EC93BCB00E65C3E /* MyAccountControl.m in Sources */ = {isa = PBXBuildFile; fileRef = 6C34BF081EC93BCB00E65C3E /* MyAccountControl.m */; };
		6C34BF0E1EC93DC900E65C3E /* MyAccountHeaderCell.m in Sources */ = {isa = PBXBuildFile; fileRef = 6C34BF0C1EC93DC900E65C3E /* MyAccountHeaderCell.m */; };
		6C34BF0F1EC93DC900E65C3E /* MyAccountHeaderCell.xib in Resources */ = {isa = PBXBuildFile; fileRef = 6C34BF0D1EC93DC900E65C3E /* MyAccountHeaderCell.xib */; };
		6C34BF131EC93EE700E65C3E /* MyAccountSettingCell.m in Sources */ = {isa = PBXBuildFile; fileRef = 6C34BF111EC93EE600E65C3E /* MyAccountSettingCell.m */; };
		6C34BF141EC93EE700E65C3E /* MyAccountSettingCell.xib in Resources */ = {isa = PBXBuildFile; fileRef = 6C34BF121EC93EE700E65C3E /* MyAccountSettingCell.xib */; };
		6C34BF181EC9564600E65C3E /* LogOutCell.m in Sources */ = {isa = PBXBuildFile; fileRef = 6C34BF161EC9564600E65C3E /* LogOutCell.m */; };
		6C34BF191EC9564600E65C3E /* LogOutCell.xib in Resources */ = {isa = PBXBuildFile; fileRef = 6C34BF171EC9564600E65C3E /* LogOutCell.xib */; };
		6C34BF1C1EC95B5900E65C3E /* RechargeControl.m in Sources */ = {isa = PBXBuildFile; fileRef = 6C34BF1B1EC95B5900E65C3E /* RechargeControl.m */; };
		6C34BF1F1EC95FEA00E65C3E /* CampBaseNavigationController.m in Sources */ = {isa = PBXBuildFile; fileRef = 6C34BF1E1EC95FEA00E65C3E /* CampBaseNavigationController.m */; };
		6C34BF241EC9894400E65C3E /* shortcutRechargeCell.m in Sources */ = {isa = PBXBuildFile; fileRef = 6C34BF231EC9894400E65C3E /* shortcutRechargeCell.m */; };
		6C34BF271EC9AC1C00E65C3E /* quotationInfoModel.m in Sources */ = {isa = PBXBuildFile; fileRef = 6C34BF261EC9AC1C00E65C3E /* quotationInfoModel.m */; };
		6C50CFF21EC55102000D97FC /* sportsGameCell.m in Sources */ = {isa = PBXBuildFile; fileRef = 6C50CFF01EC55102000D97FC /* sportsGameCell.m */; };
		6C50CFF31EC55102000D97FC /* sportsGameCell.xib in Resources */ = {isa = PBXBuildFile; fileRef = 6C50CFF11EC55102000D97FC /* sportsGameCell.xib */; };
		6C50CFF81EC551C5000D97FC /* ic_physical_footer_btn.png in Resources */ = {isa = PBXBuildFile; fileRef = 6C50CFF51EC551C5000D97FC /* ic_physical_footer_btn.png */; };
		6C50CFF91EC551C5000D97FC /* ic_physical_footer1.png in Resources */ = {isa = PBXBuildFile; fileRef = 6C50CFF61EC551C5000D97FC /* ic_physical_footer1.png */; };
		6C50CFFA1EC551C5000D97FC /* ic_physical_footer2.png in Resources */ = {isa = PBXBuildFile; fileRef = 6C50CFF71EC551C5000D97FC /* ic_physical_footer2.png */; };
		6C50CFFF1EC55DE1000D97FC /* Main.storyboard in Resources */ = {isa = PBXBuildFile; fileRef = 6C50CFFD1EC55DE1000D97FC /* Main.storyboard */; };
		6C50D0041EC55E34000D97FC /* Main.storyboard in Resources */ = {isa = PBXBuildFile; fileRef = 6C50D0021EC55E34000D97FC /* Main.storyboard */; };
		6C50D0171EC5B03E000D97FC /* paramsModel.m in Sources */ = {isa = PBXBuildFile; fileRef = 6C50D0161EC5B03E000D97FC /* paramsModel.m */; };
		6C50D01A1EC5B65F000D97FC /* verticalLayoutControl.m in Sources */ = {isa = PBXBuildFile; fileRef = 6C50D0191EC5B65F000D97FC /* verticalLayoutControl.m */; };
		6C50D0211EC5B6A5000D97FC /* GroupSettingCell.m in Sources */ = {isa = PBXBuildFile; fileRef = 6C50D01C1EC5B6A5000D97FC /* GroupSettingCell.m */; };
		6C50D0221EC5B6A5000D97FC /* GroupSettingCell.xib in Resources */ = {isa = PBXBuildFile; fileRef = 6C50D01D1EC5B6A5000D97FC /* GroupSettingCell.xib */; };
		6C50D0231EC5B6A5000D97FC /* verticalLayoutCell.m in Sources */ = {isa = PBXBuildFile; fileRef = 6C50D01F1EC5B6A5000D97FC /* verticalLayoutCell.m */; };
		6C50D0241EC5B6A5000D97FC /* verticalLayoutCell.xib in Resources */ = {isa = PBXBuildFile; fileRef = 6C50D0201EC5B6A5000D97FC /* verticalLayoutCell.xib */; };
		6C50D02A1EC5B785000D97FC /* LiveVideoCollectionCell.m in Sources */ = {isa = PBXBuildFile; fileRef = 6C50D0281EC5B785000D97FC /* LiveVideoCollectionCell.m */; };
		6C50D02B1EC5B785000D97FC /* LiveVideoCollectionCell.xib in Resources */ = {isa = PBXBuildFile; fileRef = 6C50D0291EC5B785000D97FC /* LiveVideoCollectionCell.xib */; };
		6C50D02E1EC5B9A9000D97FC /* LiveFramLayoutControl.m in Sources */ = {isa = PBXBuildFile; fileRef = 6C50D02D1EC5B9A9000D97FC /* LiveFramLayoutControl.m */; };
		6C8DBE601EB970A1007C55F1 /* CSNetWorkIngManager.m in Sources */ = {isa = PBXBuildFile; fileRef = 6C8DBE5E1EB970A1007C55F1 /* CSNetWorkIngManager.m */; };
		6C8DBE691EB97D60007C55F1 /* UserModel.m in Sources */ = {isa = PBXBuildFile; fileRef = 6C8DBE681EB97D60007C55F1 /* UserModel.m */; };
		6C8DBE6F1EB98D2E007C55F1 /* MainTabBarControl.m in Sources */ = {isa = PBXBuildFile; fileRef = 6C8DBE6E1EB98D2E007C55F1 /* MainTabBarControl.m */; };
		6C8DBE7B1EB9CEB2007C55F1 /* DataBaseModel.m in Sources */ = {isa = PBXBuildFile; fileRef = 6C8DBE7A1EB9CEB2007C55F1 /* DataBaseModel.m */; };
		6C8DBE7E1EB9D22B007C55F1 /* gameGroupModel.m in Sources */ = {isa = PBXBuildFile; fileRef = 6C8DBE7D1EB9D22B007C55F1 /* gameGroupModel.m */; };
		6C8DBE811EB9DD8E007C55F1 /* gameModel.m in Sources */ = {isa = PBXBuildFile; fileRef = 6C8DBE801EB9DD8E007C55F1 /* gameModel.m */; };
		6CB6A4ED1EB834B400FD9895 /* main.m in Sources */ = {isa = PBXBuildFile; fileRef = 6CB6A4EC1EB834B400FD9895 /* main.m */; };
		6CB6A5091EB834B400FD9895 /* campTests.m in Sources */ = {isa = PBXBuildFile; fileRef = 6CB6A5081EB834B400FD9895 /* campTests.m */; };
		6CB6A5141EB834B400FD9895 /* campUITests.m in Sources */ = {isa = PBXBuildFile; fileRef = 6CB6A5131EB834B400FD9895 /* campUITests.m */; };
		6CD3EC451EB841EC0037564E /* AppDelegate.m in Sources */ = {isa = PBXBuildFile; fileRef = 6CD3EC441EB841EC0037564E /* AppDelegate.m */; };
		6CD3EC4B1EB843130037564E /* Assets.xcassets in Resources */ = {isa = PBXBuildFile; fileRef = 6CD3EC4A1EB843130037564E /* Assets.xcassets */; };
		6CD3EC5A1EB85DBB0037564E /* LoginController.m in Sources */ = {isa = PBXBuildFile; fileRef = 6CD3EC591EB85DBB0037564E /* LoginController.m */; };
		6CD3EC5D1EB85FFC0037564E /* camp.xcdatamodeld in Sources */ = {isa = PBXBuildFile; fileRef = 6CD3EC5B1EB85FFC0037564E /* camp.xcdatamodeld */; };
		6CD3EC691EB869510037564E /* CALayer+SetBorder.m in Sources */ = {isa = PBXBuildFile; fileRef = 6CD3EC681EB869510037564E /* CALayer+SetBorder.m */; };
		6CD3EC861EB87D940037564E /* CALayer+Anim.m in Sources */ = {isa = PBXBuildFile; fileRef = 6CD3EC741EB87D940037564E /* CALayer+Anim.m */; };
		6CD3EC871EB87D940037564E /* CoreLockConst.m in Sources */ = {isa = PBXBuildFile; fileRef = 6CD3EC771EB87D940037564E /* CoreLockConst.m */; };
		6CD3EC881EB87D940037564E /* CLLockNavVC.m in Sources */ = {isa = PBXBuildFile; fileRef = 6CD3EC7A1EB87D940037564E /* CLLockNavVC.m */; };
		6CD3EC891EB87D940037564E /* CLLockInfoView.m in Sources */ = {isa = PBXBuildFile; fileRef = 6CD3EC7D1EB87D940037564E /* CLLockInfoView.m */; };
		6CD3EC8A1EB87D940037564E /* CLLockItemView.m in Sources */ = {isa = PBXBuildFile; fileRef = 6CD3EC7F1EB87D940037564E /* CLLockItemView.m */; };
		6CD3EC8B1EB87D940037564E /* CLLockLabel.m in Sources */ = {isa = PBXBuildFile; fileRef = 6CD3EC811EB87D940037564E /* CLLockLabel.m */; };
		6CD3EC8C1EB87D940037564E /* CLLockMainView.m in Sources */ = {isa = PBXBuildFile; fileRef = 6CD3EC831EB87D940037564E /* CLLockMainView.m */; };
		6CD3EC8D1EB87D940037564E /* CLLockView.m in Sources */ = {isa = PBXBuildFile; fileRef = 6CD3EC851EB87D940037564E /* CLLockView.m */; };
		6CD3EC961EB87DA60037564E /* NSString+File.m in Sources */ = {isa = PBXBuildFile; fileRef = 6CD3EC911EB87DA60037564E /* NSString+File.m */; };
		6CD3EC971EB87DA60037564E /* CoreArchive.m in Sources */ = {isa = PBXBuildFile; fileRef = 6CD3EC931EB87DA60037564E /* CoreArchive.m */; };
		6CD3EC9A1EB87ED60037564E /* CLLockVC.m in Sources */ = {isa = PBXBuildFile; fileRef = 6CD3EC991EB87ED60037564E /* CLLockVC.m */; };
		6CD9B8251EBC63F4001F5373 /* LiveVideoControl.m in Sources */ = {isa = PBXBuildFile; fileRef = 6CD9B8241EBC63F4001F5373 /* LiveVideoControl.m */; };
		6CD9B8361EBC68D9001F5373 /* ic_video_pic1.jpg in Resources */ = {isa = PBXBuildFile; fileRef = 6CD9B8301EBC68D9001F5373 /* ic_video_pic1.jpg */; };
		6CD9B8371EBC68D9001F5373 /* ic_video_pic2.jpg in Resources */ = {isa = PBXBuildFile; fileRef = 6CD9B8311EBC68D9001F5373 /* ic_video_pic2.jpg */; };
		6CD9B8381EBC68D9001F5373 /* ic_video_pic3.jpg in Resources */ = {isa = PBXBuildFile; fileRef = 6CD9B8321EBC68D9001F5373 /* ic_video_pic3.jpg */; };
		6CD9B8391EBC68D9001F5373 /* ic_video_pic4.jpg in Resources */ = {isa = PBXBuildFile; fileRef = 6CD9B8331EBC68D9001F5373 /* ic_video_pic4.jpg */; };
		6CD9B83A1EBC68D9001F5373 /* ic_video_pic5.jpg in Resources */ = {isa = PBXBuildFile; fileRef = 6CD9B8341EBC68D9001F5373 /* ic_video_pic5.jpg */; };
		6CD9B83B1EBC68D9001F5373 /* ic_video_pic6.jpg in Resources */ = {isa = PBXBuildFile; fileRef = 6CD9B8351EBC68D9001F5373 /* ic_video_pic6.jpg */; };
		6CD9B83F1EBC76D7001F5373 /* KLCPopup.m in Sources */ = {isa = PBXBuildFile; fileRef = 6CD9B83E1EBC76D7001F5373 /* KLCPopup.m */; };
		6CD9B8421EBC7887001F5373 /* PopContentView.m in Sources */ = {isa = PBXBuildFile; fileRef = 6CD9B8411EBC7887001F5373 /* PopContentView.m */; };
		6CD9B8461EBC8048001F5373 /* PopContentTableCell.m in Sources */ = {isa = PBXBuildFile; fileRef = 6CD9B8441EBC8048001F5373 /* PopContentTableCell.m */; };
		6CD9B8471EBC8048001F5373 /* PopContentTableCell.xib in Resources */ = {isa = PBXBuildFile; fileRef = 6CD9B8451EBC8048001F5373 /* PopContentTableCell.xib */; };
		6CEB31A81EBC281100A95344 /* GameCell.m in Sources */ = {isa = PBXBuildFile; fileRef = 6CEB31A61EBC281100A95344 /* GameCell.m */; };
		6CEB31A91EBC281100A95344 /* GameCell.xib in Resources */ = {isa = PBXBuildFile; fileRef = 6CEB31A71EBC281100A95344 /* GameCell.xib */; };
		6CFD166C1EBAC21900D9C9E1 /* CampBaseControl.m in Sources */ = {isa = PBXBuildFile; fileRef = 6CFD166B1EBAC21900D9C9E1 /* CampBaseControl.m */; };
		6CFD166F1EBAC27500D9C9E1 /* ElectronicGameControl.m in Sources */ = {isa = PBXBuildFile; fileRef = 6CFD166E1EBAC27500D9C9E1 /* ElectronicGameControl.m */; };
		6CFD16791EBADBA300D9C9E1 /* GameElectronicMenu.m in Sources */ = {isa = PBXBuildFile; fileRef = 6CFD16781EBADBA300D9C9E1 /* GameElectronicMenu.m */; };
		6CFDBBC81ECA8E0200014B5E /* DiskPageNavigationController.m in Sources */ = {isa = PBXBuildFile; fileRef = 6CFDBBC71ECA8E0200014B5E /* DiskPageNavigationController.m */; };
		6CFDBBCB1ECA91E100014B5E /* Js_DiskInfoControl.m in Sources */ = {isa = PBXBuildFile; fileRef = 6CFDBBCA1ECA91E100014B5E /* Js_DiskInfoControl.m */; };
		6CFDBBCF1ECA972D00014B5E /* CustomDiskInfoView.m in Sources */ = {isa = PBXBuildFile; fileRef = 6CFDBBCE1ECA972D00014B5E /* CustomDiskInfoView.m */; };
		6CFDBBD31ECAA82C00014B5E /* DiskViewCollectionView.m in Sources */ = {isa = PBXBuildFile; fileRef = 6CFDBBD11ECAA82C00014B5E /* DiskViewCollectionView.m */; };
		6CFDBBD41ECAA82C00014B5E /* DiskViewCollectionView.xib in Resources */ = {isa = PBXBuildFile; fileRef = 6CFDBBD21ECAA82C00014B5E /* DiskViewCollectionView.xib */; };
		6CFDBBD71ECAE07900014B5E /* shortcutCollectionView.m in Sources */ = {isa = PBXBuildFile; fileRef = 6CFDBBD61ECAE07900014B5E /* shortcutCollectionView.m */; };
		6CFDBBDA1ECAF4A600014B5E /* playTypeModel.m in Sources */ = {isa = PBXBuildFile; fileRef = 6CFDBBD91ECAF4A600014B5E /* playTypeModel.m */; };
		6CFDBBDD1ECAF57500014B5E /* NumberModel.m in Sources */ = {isa = PBXBuildFile; fileRef = 6CFDBBDC1ECAF57500014B5E /* NumberModel.m */; };
		6CFDBBE11ECAF7AD00014B5E /* playingTypeCell.m in Sources */ = {isa = PBXBuildFile; fileRef = 6CFDBBDF1ECAF7AD00014B5E /* playingTypeCell.m */; };
		6CFDBBE21ECAF7AD00014B5E /* playingTypeCell.xib in Resources */ = {isa = PBXBuildFile; fileRef = 6CFDBBE01ECAF7AD00014B5E /* playingTypeCell.xib */; };
		6CFDBBE61ECAFAC200014B5E /* NumberCell.m in Sources */ = {isa = PBXBuildFile; fileRef = 6CFDBBE41ECAFAC200014B5E /* NumberCell.m */; };
		6CFDBBE71ECAFAC200014B5E /* NumberCell.xib in Resources */ = {isa = PBXBuildFile; fileRef = 6CFDBBE51ECAFAC200014B5E /* NumberCell.xib */; };
		D67C1E7F4C1F20852754170E /* Pods_camp.framework in Frameworks */ = {isa = PBXBuildFile; fileRef = E91480066AAC9FC87F06E853 /* Pods_camp.framework */; };
/* End PBXBuildFile section */

/* Begin PBXContainerItemProxy section */
		6CB6A5051EB834B400FD9895 /* PBXContainerItemProxy */ = {
			isa = PBXContainerItemProxy;
			containerPortal = 6CB6A4E01EB834B400FD9895 /* Project object */;
			proxyType = 1;
			remoteGlobalIDString = 6CB6A4E71EB834B400FD9895;
			remoteInfo = camp;
		};
		6CB6A5101EB834B400FD9895 /* PBXContainerItemProxy */ = {
			isa = PBXContainerItemProxy;
			containerPortal = 6CB6A4E01EB834B400FD9895 /* Project object */;
			proxyType = 1;
			remoteGlobalIDString = 6CB6A4E71EB834B400FD9895;
			remoteInfo = camp;
		};
/* End PBXContainerItemProxy section */

/* Begin PBXFileReference section */
		6C00316D1EC02420004C1081 /* UIView+additional.h */ = {isa = PBXFileReference; fileEncoding = 4; lastKnownFileType = sourcecode.c.h; path = "UIView+additional.h"; sourceTree = "<group>"; };
		6C00316E1EC02420004C1081 /* UIView+additional.m */ = {isa = PBXFileReference; fileEncoding = 4; lastKnownFileType = sourcecode.c.objc; path = "UIView+additional.m"; sourceTree = "<group>"; };
		6C0031711EC02BCB004C1081 /* ic_lottery0.png */ = {isa = PBXFileReference; lastKnownFileType = image.png; path = ic_lottery0.png; sourceTree = "<group>"; };
		6C0031721EC02BCB004C1081 /* ic_lottery2.png */ = {isa = PBXFileReference; lastKnownFileType = image.png; path = ic_lottery2.png; sourceTree = "<group>"; };
		6C0031731EC02BCB004C1081 /* ic_lottery4.png */ = {isa = PBXFileReference; lastKnownFileType = image.png; path = ic_lottery4.png; sourceTree = "<group>"; };
		6C0031741EC02BCB004C1081 /* ic_lottery1.png */ = {isa = PBXFileReference; lastKnownFileType = image.png; path = ic_lottery1.png; sourceTree = "<group>"; };
		6C0031751EC02BCB004C1081 /* ic_lottery3.png */ = {isa = PBXFileReference; lastKnownFileType = image.png; path = ic_lottery3.png; sourceTree = "<group>"; };
		6C00317D1EC05438004C1081 /* FGLanguageTool.h */ = {isa = PBXFileReference; fileEncoding = 4; lastKnownFileType = sourcecode.c.h; path = FGLanguageTool.h; sourceTree = "<group>"; };
		6C00317E1EC05438004C1081 /* FGLanguageTool.m */ = {isa = PBXFileReference; fileEncoding = 4; lastKnownFileType = sourcecode.c.objc; path = FGLanguageTool.m; sourceTree = "<group>"; };
		6C0031891EC05859004C1081 /* Base */ = {isa = PBXFileReference; lastKnownFileType = file.storyboard; name = Base; path = Base.lproj/LaunchScreen.storyboard; sourceTree = "<group>"; };
		6C0031941EC05F5C004C1081 /* zh-Hans */ = {isa = PBXFileReference; lastKnownFileType = text.plist.strings; name = "zh-Hans"; path = "zh-Hans.lproj/LaunchScreen.strings"; sourceTree = "<group>"; };
		6C0031971EC05F63004C1081 /* zh-Hans */ = {isa = PBXFileReference; lastKnownFileType = text.plist.strings; name = "zh-Hans"; path = "zh-Hans.lproj/CustomLocalizable.strings"; sourceTree = "<group>"; };
		6C0031991EC05F64004C1081 /* en */ = {isa = PBXFileReference; lastKnownFileType = text.plist.strings; name = en; path = en.lproj/CustomLocalizable.strings; sourceTree = "<group>"; };
		6C07C6551EC0042F0086869E /* typesModel.h */ = {isa = PBXFileReference; fileEncoding = 4; lastKnownFileType = sourcecode.c.h; path = typesModel.h; sourceTree = "<group>"; };
		6C07C6561EC0042F0086869E /* typesModel.m */ = {isa = PBXFileReference; fileEncoding = 4; lastKnownFileType = sourcecode.c.objc; path = typesModel.m; sourceTree = "<group>"; };
		6C07C6591EC00A7D0086869E /* LotteryControl.h */ = {isa = PBXFileReference; fileEncoding = 4; lastKnownFileType = sourcecode.c.h; path = LotteryControl.h; sourceTree = "<group>"; };
		6C07C65A1EC00A7D0086869E /* LotteryControl.m */ = {isa = PBXFileReference; fileEncoding = 4; lastKnownFileType = sourcecode.c.objc; path = LotteryControl.m; sourceTree = "<group>"; };
		6C07C65D1EC00BD40086869E /* ic_banner1.png */ = {isa = PBXFileReference; lastKnownFileType = image.png; path = ic_banner1.png; sourceTree = "<group>"; };
		6C07C65E1EC00BD40086869E /* ic_banner2.png */ = {isa = PBXFileReference; lastKnownFileType = image.png; path = ic_banner2.png; sourceTree = "<group>"; };
		6C07C65F1EC00BD40086869E /* ic_banner3.png */ = {isa = PBXFileReference; lastKnownFileType = image.png; path = ic_banner3.png; sourceTree = "<group>"; };
		6C07C6641EC010EE0086869E /* CustomGroupView.h */ = {isa = PBXFileReference; fileEncoding = 4; lastKnownFileType = sourcecode.c.h; path = CustomGroupView.h; sourceTree = "<group>"; };
		6C07C6651EC010EE0086869E /* CustomGroupView.m */ = {isa = PBXFileReference; fileEncoding = 4; lastKnownFileType = sourcecode.c.objc; path = CustomGroupView.m; sourceTree = "<group>"; };
		6C34BF041EC93B0600E65C3E /* Info.plist */ = {isa = PBXFileReference; fileEncoding = 4; lastKnownFileType = text.plist.xml; path = Info.plist; sourceTree = "<group>"; };
		6C34BF071EC93BCB00E65C3E /* MyAccountControl.h */ = {isa = PBXFileReference; fileEncoding = 4; lastKnownFileType = sourcecode.c.h; path = MyAccountControl.h; sourceTree = "<group>"; };
		6C34BF081EC93BCB00E65C3E /* MyAccountControl.m */ = {isa = PBXFileReference; fileEncoding = 4; lastKnownFileType = sourcecode.c.objc; path = MyAccountControl.m; sourceTree = "<group>"; };
		6C34BF0B1EC93DC900E65C3E /* MyAccountHeaderCell.h */ = {isa = PBXFileReference; fileEncoding = 4; lastKnownFileType = sourcecode.c.h; path = MyAccountHeaderCell.h; sourceTree = "<group>"; };
		6C34BF0C1EC93DC900E65C3E /* MyAccountHeaderCell.m */ = {isa = PBXFileReference; fileEncoding = 4; lastKnownFileType = sourcecode.c.objc; path = MyAccountHeaderCell.m; sourceTree = "<group>"; };
		6C34BF0D1EC93DC900E65C3E /* MyAccountHeaderCell.xib */ = {isa = PBXFileReference; fileEncoding = 4; lastKnownFileType = file.xib; path = MyAccountHeaderCell.xib; sourceTree = "<group>"; };
		6C34BF101EC93EE600E65C3E /* MyAccountSettingCell.h */ = {isa = PBXFileReference; fileEncoding = 4; lastKnownFileType = sourcecode.c.h; path = MyAccountSettingCell.h; sourceTree = "<group>"; };
		6C34BF111EC93EE600E65C3E /* MyAccountSettingCell.m */ = {isa = PBXFileReference; fileEncoding = 4; lastKnownFileType = sourcecode.c.objc; path = MyAccountSettingCell.m; sourceTree = "<group>"; };
		6C34BF121EC93EE700E65C3E /* MyAccountSettingCell.xib */ = {isa = PBXFileReference; fileEncoding = 4; lastKnownFileType = file.xib; path = MyAccountSettingCell.xib; sourceTree = "<group>"; };
		6C34BF151EC9564600E65C3E /* LogOutCell.h */ = {isa = PBXFileReference; fileEncoding = 4; lastKnownFileType = sourcecode.c.h; path = LogOutCell.h; sourceTree = "<group>"; };
		6C34BF161EC9564600E65C3E /* LogOutCell.m */ = {isa = PBXFileReference; fileEncoding = 4; lastKnownFileType = sourcecode.c.objc; path = LogOutCell.m; sourceTree = "<group>"; };
		6C34BF171EC9564600E65C3E /* LogOutCell.xib */ = {isa = PBXFileReference; fileEncoding = 4; lastKnownFileType = file.xib; path = LogOutCell.xib; sourceTree = "<group>"; };
		6C34BF1A1EC95B5900E65C3E /* RechargeControl.h */ = {isa = PBXFileReference; fileEncoding = 4; lastKnownFileType = sourcecode.c.h; path = RechargeControl.h; sourceTree = "<group>"; };
		6C34BF1B1EC95B5900E65C3E /* RechargeControl.m */ = {isa = PBXFileReference; fileEncoding = 4; lastKnownFileType = sourcecode.c.objc; path = RechargeControl.m; sourceTree = "<group>"; };
		6C34BF1D1EC95FEA00E65C3E /* CampBaseNavigationController.h */ = {isa = PBXFileReference; fileEncoding = 4; lastKnownFileType = sourcecode.c.h; path = CampBaseNavigationController.h; sourceTree = "<group>"; };
		6C34BF1E1EC95FEA00E65C3E /* CampBaseNavigationController.m */ = {isa = PBXFileReference; fileEncoding = 4; lastKnownFileType = sourcecode.c.objc; path = CampBaseNavigationController.m; sourceTree = "<group>"; };
		6C34BF221EC9894400E65C3E /* shortcutRechargeCell.h */ = {isa = PBXFileReference; fileEncoding = 4; lastKnownFileType = sourcecode.c.h; path = shortcutRechargeCell.h; sourceTree = "<group>"; };
		6C34BF231EC9894400E65C3E /* shortcutRechargeCell.m */ = {isa = PBXFileReference; fileEncoding = 4; lastKnownFileType = sourcecode.c.objc; path = shortcutRechargeCell.m; sourceTree = "<group>"; };
		6C34BF251EC9AC1C00E65C3E /* quotationInfoModel.h */ = {isa = PBXFileReference; fileEncoding = 4; lastKnownFileType = sourcecode.c.h; path = quotationInfoModel.h; sourceTree = "<group>"; };
		6C34BF261EC9AC1C00E65C3E /* quotationInfoModel.m */ = {isa = PBXFileReference; fileEncoding = 4; lastKnownFileType = sourcecode.c.objc; path = quotationInfoModel.m; sourceTree = "<group>"; };
		6C50CFEF1EC55102000D97FC /* sportsGameCell.h */ = {isa = PBXFileReference; fileEncoding = 4; lastKnownFileType = sourcecode.c.h; path = sportsGameCell.h; sourceTree = "<group>"; };
		6C50CFF01EC55102000D97FC /* sportsGameCell.m */ = {isa = PBXFileReference; fileEncoding = 4; lastKnownFileType = sourcecode.c.objc; path = sportsGameCell.m; sourceTree = "<group>"; };
		6C50CFF11EC55102000D97FC /* sportsGameCell.xib */ = {isa = PBXFileReference; fileEncoding = 4; lastKnownFileType = file.xib; path = sportsGameCell.xib; sourceTree = "<group>"; };
		6C50CFF51EC551C5000D97FC /* ic_physical_footer_btn.png */ = {isa = PBXFileReference; lastKnownFileType = image.png; path = ic_physical_footer_btn.png; sourceTree = "<group>"; };
		6C50CFF61EC551C5000D97FC /* ic_physical_footer1.png */ = {isa = PBXFileReference; lastKnownFileType = image.png; path = ic_physical_footer1.png; sourceTree = "<group>"; };
		6C50CFF71EC551C5000D97FC /* ic_physical_footer2.png */ = {isa = PBXFileReference; lastKnownFileType = image.png; path = ic_physical_footer2.png; sourceTree = "<group>"; };
		6C50D0011EC55DED000D97FC /* zh-Hans */ = {isa = PBXFileReference; lastKnownFileType = text.plist.strings; name = "zh-Hans"; path = "zh-Hans.lproj/Main.strings"; sourceTree = "<group>"; };
		6C50D0031EC55E34000D97FC /* en */ = {isa = PBXFileReference; lastKnownFileType = file.storyboard; name = en; path = en.lproj/Main.storyboard; sourceTree = "<group>"; };
		6C50D0151EC5B03E000D97FC /* paramsModel.h */ = {isa = PBXFileReference; fileEncoding = 4; lastKnownFileType = sourcecode.c.h; path = paramsModel.h; sourceTree = "<group>"; };
		6C50D0161EC5B03E000D97FC /* paramsModel.m */ = {isa = PBXFileReference; fileEncoding = 4; lastKnownFileType = sourcecode.c.objc; path = paramsModel.m; sourceTree = "<group>"; };
		6C50D0181EC5B65F000D97FC /* verticalLayoutControl.h */ = {isa = PBXFileReference; fileEncoding = 4; lastKnownFileType = sourcecode.c.h; name = verticalLayoutControl.h; path = camp/Classes/Control/verticalGameLayout/verticalLayoutControl.h; sourceTree = SOURCE_ROOT; };
		6C50D0191EC5B65F000D97FC /* verticalLayoutControl.m */ = {isa = PBXFileReference; fileEncoding = 4; lastKnownFileType = sourcecode.c.objc; name = verticalLayoutControl.m; path = camp/Classes/Control/verticalGameLayout/verticalLayoutControl.m; sourceTree = SOURCE_ROOT; };
		6C50D01B1EC5B6A5000D97FC /* GroupSettingCell.h */ = {isa = PBXFileReference; fileEncoding = 4; lastKnownFileType = sourcecode.c.h; name = GroupSettingCell.h; path = camp/Classes/View/verticalGameLayout/GroupSettingCell.h; sourceTree = SOURCE_ROOT; };
		6C50D01C1EC5B6A5000D97FC /* GroupSettingCell.m */ = {isa = PBXFileReference; fileEncoding = 4; lastKnownFileType = sourcecode.c.objc; name = GroupSettingCell.m; path = camp/Classes/View/verticalGameLayout/GroupSettingCell.m; sourceTree = SOURCE_ROOT; };
		6C50D01D1EC5B6A5000D97FC /* GroupSettingCell.xib */ = {isa = PBXFileReference; fileEncoding = 4; lastKnownFileType = file.xib; name = GroupSettingCell.xib; path = camp/Classes/View/verticalGameLayout/GroupSettingCell.xib; sourceTree = SOURCE_ROOT; };
		6C50D01E1EC5B6A5000D97FC /* verticalLayoutCell.h */ = {isa = PBXFileReference; fileEncoding = 4; lastKnownFileType = sourcecode.c.h; name = verticalLayoutCell.h; path = camp/Classes/View/verticalGameLayout/verticalLayoutCell.h; sourceTree = SOURCE_ROOT; };
		6C50D01F1EC5B6A5000D97FC /* verticalLayoutCell.m */ = {isa = PBXFileReference; fileEncoding = 4; lastKnownFileType = sourcecode.c.objc; name = verticalLayoutCell.m; path = camp/Classes/View/verticalGameLayout/verticalLayoutCell.m; sourceTree = SOURCE_ROOT; };
		6C50D0201EC5B6A5000D97FC /* verticalLayoutCell.xib */ = {isa = PBXFileReference; fileEncoding = 4; lastKnownFileType = file.xib; name = verticalLayoutCell.xib; path = camp/Classes/View/verticalGameLayout/verticalLayoutCell.xib; sourceTree = SOURCE_ROOT; };
		6C50D0271EC5B785000D97FC /* LiveVideoCollectionCell.h */ = {isa = PBXFileReference; fileEncoding = 4; lastKnownFileType = sourcecode.c.h; path = LiveVideoCollectionCell.h; sourceTree = "<group>"; };
		6C50D0281EC5B785000D97FC /* LiveVideoCollectionCell.m */ = {isa = PBXFileReference; fileEncoding = 4; lastKnownFileType = sourcecode.c.objc; path = LiveVideoCollectionCell.m; sourceTree = "<group>"; };
		6C50D0291EC5B785000D97FC /* LiveVideoCollectionCell.xib */ = {isa = PBXFileReference; fileEncoding = 4; lastKnownFileType = file.xib; path = LiveVideoCollectionCell.xib; sourceTree = "<group>"; };
		6C50D02C1EC5B9A9000D97FC /* LiveFramLayoutControl.h */ = {isa = PBXFileReference; fileEncoding = 4; lastKnownFileType = sourcecode.c.h; path = LiveFramLayoutControl.h; sourceTree = "<group>"; };
		6C50D02D1EC5B9A9000D97FC /* LiveFramLayoutControl.m */ = {isa = PBXFileReference; fileEncoding = 4; lastKnownFileType = sourcecode.c.objc; path = LiveFramLayoutControl.m; sourceTree = "<group>"; };
		6C8DBE5E1EB970A1007C55F1 /* CSNetWorkIngManager.m */ = {isa = PBXFileReference; fileEncoding = 4; lastKnownFileType = sourcecode.c.objc; path = CSNetWorkIngManager.m; sourceTree = "<group>"; };
		6C8DBE5F1EB970A1007C55F1 /* CSNetWorkIngManager.h */ = {isa = PBXFileReference; fileEncoding = 4; lastKnownFileType = sourcecode.c.h; path = CSNetWorkIngManager.h; sourceTree = "<group>"; };
		6C8DBE641EB971D2007C55F1 /* api_Url.h */ = {isa = PBXFileReference; lastKnownFileType = sourcecode.c.h; path = api_Url.h; sourceTree = "<group>"; };
		6C8DBE671EB97D60007C55F1 /* UserModel.h */ = {isa = PBXFileReference; fileEncoding = 4; lastKnownFileType = sourcecode.c.h; path = UserModel.h; sourceTree = "<group>"; };
		6C8DBE681EB97D60007C55F1 /* UserModel.m */ = {isa = PBXFileReference; fileEncoding = 4; lastKnownFileType = sourcecode.c.objc; path = UserModel.m; sourceTree = "<group>"; };
		6C8DBE6A1EB9807C007C55F1 /* mac_Model.h */ = {isa = PBXFileReference; lastKnownFileType = sourcecode.c.h; path = mac_Model.h; sourceTree = "<group>"; };
		6C8DBE6B1EB98574007C55F1 /* app_Geneal.h */ = {isa = PBXFileReference; lastKnownFileType = sourcecode.c.h; path = app_Geneal.h; sourceTree = "<group>"; };
		6C8DBE6D1EB98D2E007C55F1 /* MainTabBarControl.h */ = {isa = PBXFileReference; fileEncoding = 4; lastKnownFileType = sourcecode.c.h; path = MainTabBarControl.h; sourceTree = "<group>"; };
		6C8DBE6E1EB98D2E007C55F1 /* MainTabBarControl.m */ = {isa = PBXFileReference; fileEncoding = 4; lastKnownFileType = sourcecode.c.objc; path = MainTabBarControl.m; sourceTree = "<group>"; };
		6C8DBE791EB9CEB2007C55F1 /* DataBaseModel.h */ = {isa = PBXFileReference; fileEncoding = 4; lastKnownFileType = sourcecode.c.h; path = DataBaseModel.h; sourceTree = "<group>"; };
		6C8DBE7A1EB9CEB2007C55F1 /* DataBaseModel.m */ = {isa = PBXFileReference; fileEncoding = 4; lastKnownFileType = sourcecode.c.objc; path = DataBaseModel.m; sourceTree = "<group>"; };
		6C8DBE7C1EB9D22B007C55F1 /* gameGroupModel.h */ = {isa = PBXFileReference; fileEncoding = 4; lastKnownFileType = sourcecode.c.h; path = gameGroupModel.h; sourceTree = "<group>"; };
		6C8DBE7D1EB9D22B007C55F1 /* gameGroupModel.m */ = {isa = PBXFileReference; fileEncoding = 4; lastKnownFileType = sourcecode.c.objc; path = gameGroupModel.m; sourceTree = "<group>"; };
		6C8DBE7F1EB9DD8E007C55F1 /* gameModel.h */ = {isa = PBXFileReference; fileEncoding = 4; lastKnownFileType = sourcecode.c.h; path = gameModel.h; sourceTree = "<group>"; };
		6C8DBE801EB9DD8E007C55F1 /* gameModel.m */ = {isa = PBXFileReference; fileEncoding = 4; lastKnownFileType = sourcecode.c.objc; path = gameModel.m; sourceTree = "<group>"; };
		6CB6A4E81EB834B400FD9895 /* camp.app */ = {isa = PBXFileReference; explicitFileType = wrapper.application; includeInIndex = 0; path = camp.app; sourceTree = BUILT_PRODUCTS_DIR; };
		6CB6A4EC1EB834B400FD9895 /* main.m */ = {isa = PBXFileReference; lastKnownFileType = sourcecode.c.objc; path = main.m; sourceTree = "<group>"; };
		6CB6A5041EB834B400FD9895 /* campTests.xctest */ = {isa = PBXFileReference; explicitFileType = wrapper.cfbundle; includeInIndex = 0; path = campTests.xctest; sourceTree = BUILT_PRODUCTS_DIR; };
		6CB6A5081EB834B400FD9895 /* campTests.m */ = {isa = PBXFileReference; lastKnownFileType = sourcecode.c.objc; path = campTests.m; sourceTree = "<group>"; };
		6CB6A50A1EB834B400FD9895 /* Info.plist */ = {isa = PBXFileReference; lastKnownFileType = text.plist.xml; path = Info.plist; sourceTree = "<group>"; };
		6CB6A50F1EB834B400FD9895 /* campUITests.xctest */ = {isa = PBXFileReference; explicitFileType = wrapper.cfbundle; includeInIndex = 0; path = campUITests.xctest; sourceTree = BUILT_PRODUCTS_DIR; };
		6CB6A5131EB834B400FD9895 /* campUITests.m */ = {isa = PBXFileReference; lastKnownFileType = sourcecode.c.objc; path = campUITests.m; sourceTree = "<group>"; };
		6CB6A5151EB834B400FD9895 /* Info.plist */ = {isa = PBXFileReference; lastKnownFileType = text.plist.xml; path = Info.plist; sourceTree = "<group>"; };
		6CD3EC431EB841EC0037564E /* AppDelegate.h */ = {isa = PBXFileReference; fileEncoding = 4; lastKnownFileType = sourcecode.c.h; path = AppDelegate.h; sourceTree = "<group>"; };
		6CD3EC441EB841EC0037564E /* AppDelegate.m */ = {isa = PBXFileReference; fileEncoding = 4; lastKnownFileType = sourcecode.c.objc; path = AppDelegate.m; sourceTree = "<group>"; };
		6CD3EC4A1EB843130037564E /* Assets.xcassets */ = {isa = PBXFileReference; lastKnownFileType = folder.assetcatalog; path = Assets.xcassets; sourceTree = "<group>"; };
		6CD3EC531EB853300037564E /* PrefixHeader.pch */ = {isa = PBXFileReference; lastKnownFileType = sourcecode.c.h; path = PrefixHeader.pch; sourceTree = "<group>"; };
		6CD3EC581EB85DBB0037564E /* LoginController.h */ = {isa = PBXFileReference; fileEncoding = 4; lastKnownFileType = sourcecode.c.h; path = LoginController.h; sourceTree = "<group>"; };
		6CD3EC591EB85DBB0037564E /* LoginController.m */ = {isa = PBXFileReference; fileEncoding = 4; lastKnownFileType = sourcecode.c.objc; path = LoginController.m; sourceTree = "<group>"; };
		6CD3EC5C1EB85FFC0037564E /* camp.xcdatamodel */ = {isa = PBXFileReference; lastKnownFileType = wrapper.xcdatamodel; path = camp.xcdatamodel; sourceTree = "<group>"; };
		6CD3EC671EB869510037564E /* CALayer+SetBorder.h */ = {isa = PBXFileReference; fileEncoding = 4; lastKnownFileType = sourcecode.c.h; path = "CALayer+SetBorder.h"; sourceTree = "<group>"; };
		6CD3EC681EB869510037564E /* CALayer+SetBorder.m */ = {isa = PBXFileReference; fileEncoding = 4; lastKnownFileType = sourcecode.c.objc; path = "CALayer+SetBorder.m"; sourceTree = "<group>"; };
		6CD3EC731EB87D940037564E /* CALayer+Anim.h */ = {isa = PBXFileReference; fileEncoding = 4; lastKnownFileType = sourcecode.c.h; path = "CALayer+Anim.h"; sourceTree = "<group>"; };
		6CD3EC741EB87D940037564E /* CALayer+Anim.m */ = {isa = PBXFileReference; fileEncoding = 4; lastKnownFileType = sourcecode.c.objc; path = "CALayer+Anim.m"; sourceTree = "<group>"; };
		6CD3EC761EB87D940037564E /* CoreLockConst.h */ = {isa = PBXFileReference; fileEncoding = 4; lastKnownFileType = sourcecode.c.h; path = CoreLockConst.h; sourceTree = "<group>"; };
		6CD3EC771EB87D940037564E /* CoreLockConst.m */ = {isa = PBXFileReference; fileEncoding = 4; lastKnownFileType = sourcecode.c.objc; path = CoreLockConst.m; sourceTree = "<group>"; };
		6CD3EC791EB87D940037564E /* CLLockNavVC.h */ = {isa = PBXFileReference; fileEncoding = 4; lastKnownFileType = sourcecode.c.h; path = CLLockNavVC.h; sourceTree = "<group>"; };
		6CD3EC7A1EB87D940037564E /* CLLockNavVC.m */ = {isa = PBXFileReference; fileEncoding = 4; lastKnownFileType = sourcecode.c.objc; path = CLLockNavVC.m; sourceTree = "<group>"; };
		6CD3EC7C1EB87D940037564E /* CLLockInfoView.h */ = {isa = PBXFileReference; fileEncoding = 4; lastKnownFileType = sourcecode.c.h; path = CLLockInfoView.h; sourceTree = "<group>"; };
		6CD3EC7D1EB87D940037564E /* CLLockInfoView.m */ = {isa = PBXFileReference; fileEncoding = 4; lastKnownFileType = sourcecode.c.objc; path = CLLockInfoView.m; sourceTree = "<group>"; };
		6CD3EC7E1EB87D940037564E /* CLLockItemView.h */ = {isa = PBXFileReference; fileEncoding = 4; lastKnownFileType = sourcecode.c.h; path = CLLockItemView.h; sourceTree = "<group>"; };
		6CD3EC7F1EB87D940037564E /* CLLockItemView.m */ = {isa = PBXFileReference; fileEncoding = 4; lastKnownFileType = sourcecode.c.objc; path = CLLockItemView.m; sourceTree = "<group>"; };
		6CD3EC801EB87D940037564E /* CLLockLabel.h */ = {isa = PBXFileReference; fileEncoding = 4; lastKnownFileType = sourcecode.c.h; path = CLLockLabel.h; sourceTree = "<group>"; };
		6CD3EC811EB87D940037564E /* CLLockLabel.m */ = {isa = PBXFileReference; fileEncoding = 4; lastKnownFileType = sourcecode.c.objc; path = CLLockLabel.m; sourceTree = "<group>"; };
		6CD3EC821EB87D940037564E /* CLLockMainView.h */ = {isa = PBXFileReference; fileEncoding = 4; lastKnownFileType = sourcecode.c.h; path = CLLockMainView.h; sourceTree = "<group>"; };
		6CD3EC831EB87D940037564E /* CLLockMainView.m */ = {isa = PBXFileReference; fileEncoding = 4; lastKnownFileType = sourcecode.c.objc; path = CLLockMainView.m; sourceTree = "<group>"; };
		6CD3EC841EB87D940037564E /* CLLockView.h */ = {isa = PBXFileReference; fileEncoding = 4; lastKnownFileType = sourcecode.c.h; path = CLLockView.h; sourceTree = "<group>"; };
		6CD3EC851EB87D940037564E /* CLLockView.m */ = {isa = PBXFileReference; fileEncoding = 4; lastKnownFileType = sourcecode.c.objc; path = CLLockView.m; sourceTree = "<group>"; };
		6CD3EC901EB87DA60037564E /* NSString+File.h */ = {isa = PBXFileReference; fileEncoding = 4; lastKnownFileType = sourcecode.c.h; path = "NSString+File.h"; sourceTree = "<group>"; };
		6CD3EC911EB87DA60037564E /* NSString+File.m */ = {isa = PBXFileReference; fileEncoding = 4; lastKnownFileType = sourcecode.c.objc; path = "NSString+File.m"; sourceTree = "<group>"; };
		6CD3EC921EB87DA60037564E /* CoreArchive.h */ = {isa = PBXFileReference; fileEncoding = 4; lastKnownFileType = sourcecode.c.h; path = CoreArchive.h; sourceTree = "<group>"; };
		6CD3EC931EB87DA60037564E /* CoreArchive.m */ = {isa = PBXFileReference; fileEncoding = 4; lastKnownFileType = sourcecode.c.objc; path = CoreArchive.m; sourceTree = "<group>"; };
		6CD3EC951EB87DA60037564E /* CoreConst.h */ = {isa = PBXFileReference; fileEncoding = 4; lastKnownFileType = sourcecode.c.h; path = CoreConst.h; sourceTree = "<group>"; };
		6CD3EC981EB87ED60037564E /* CLLockVC.h */ = {isa = PBXFileReference; fileEncoding = 4; lastKnownFileType = sourcecode.c.h; path = CLLockVC.h; sourceTree = "<group>"; };
		6CD3EC991EB87ED60037564E /* CLLockVC.m */ = {isa = PBXFileReference; fileEncoding = 4; lastKnownFileType = sourcecode.c.objc; path = CLLockVC.m; sourceTree = "<group>"; };
		6CD9B8231EBC63F4001F5373 /* LiveVideoControl.h */ = {isa = PBXFileReference; fileEncoding = 4; lastKnownFileType = sourcecode.c.h; path = LiveVideoControl.h; sourceTree = "<group>"; };
		6CD9B8241EBC63F4001F5373 /* LiveVideoControl.m */ = {isa = PBXFileReference; fileEncoding = 4; lastKnownFileType = sourcecode.c.objc; path = LiveVideoControl.m; sourceTree = "<group>"; };
		6CD9B8301EBC68D9001F5373 /* ic_video_pic1.jpg */ = {isa = PBXFileReference; lastKnownFileType = image.jpeg; path = ic_video_pic1.jpg; sourceTree = "<group>"; };
		6CD9B8311EBC68D9001F5373 /* ic_video_pic2.jpg */ = {isa = PBXFileReference; lastKnownFileType = image.jpeg; path = ic_video_pic2.jpg; sourceTree = "<group>"; };
		6CD9B8321EBC68D9001F5373 /* ic_video_pic3.jpg */ = {isa = PBXFileReference; lastKnownFileType = image.jpeg; path = ic_video_pic3.jpg; sourceTree = "<group>"; };
		6CD9B8331EBC68D9001F5373 /* ic_video_pic4.jpg */ = {isa = PBXFileReference; lastKnownFileType = image.jpeg; path = ic_video_pic4.jpg; sourceTree = "<group>"; };
		6CD9B8341EBC68D9001F5373 /* ic_video_pic5.jpg */ = {isa = PBXFileReference; lastKnownFileType = image.jpeg; path = ic_video_pic5.jpg; sourceTree = "<group>"; };
		6CD9B8351EBC68D9001F5373 /* ic_video_pic6.jpg */ = {isa = PBXFileReference; lastKnownFileType = image.jpeg; path = ic_video_pic6.jpg; sourceTree = "<group>"; };
		6CD9B83D1EBC76D7001F5373 /* KLCPopup.h */ = {isa = PBXFileReference; fileEncoding = 4; lastKnownFileType = sourcecode.c.h; path = KLCPopup.h; sourceTree = "<group>"; };
		6CD9B83E1EBC76D7001F5373 /* KLCPopup.m */ = {isa = PBXFileReference; fileEncoding = 4; lastKnownFileType = sourcecode.c.objc; path = KLCPopup.m; sourceTree = "<group>"; };
		6CD9B8401EBC7887001F5373 /* PopContentView.h */ = {isa = PBXFileReference; fileEncoding = 4; lastKnownFileType = sourcecode.c.h; path = PopContentView.h; sourceTree = "<group>"; };
		6CD9B8411EBC7887001F5373 /* PopContentView.m */ = {isa = PBXFileReference; fileEncoding = 4; lastKnownFileType = sourcecode.c.objc; path = PopContentView.m; sourceTree = "<group>"; };
		6CD9B8431EBC8048001F5373 /* PopContentTableCell.h */ = {isa = PBXFileReference; fileEncoding = 4; lastKnownFileType = sourcecode.c.h; path = PopContentTableCell.h; sourceTree = "<group>"; };
		6CD9B8441EBC8048001F5373 /* PopContentTableCell.m */ = {isa = PBXFileReference; fileEncoding = 4; lastKnownFileType = sourcecode.c.objc; path = PopContentTableCell.m; sourceTree = "<group>"; };
		6CD9B8451EBC8048001F5373 /* PopContentTableCell.xib */ = {isa = PBXFileReference; fileEncoding = 4; lastKnownFileType = file.xib; path = PopContentTableCell.xib; sourceTree = "<group>"; };
		6CEB31A51EBC281100A95344 /* GameCell.h */ = {isa = PBXFileReference; fileEncoding = 4; lastKnownFileType = sourcecode.c.h; path = GameCell.h; sourceTree = "<group>"; };
		6CEB31A61EBC281100A95344 /* GameCell.m */ = {isa = PBXFileReference; fileEncoding = 4; lastKnownFileType = sourcecode.c.objc; path = GameCell.m; sourceTree = "<group>"; };
		6CEB31A71EBC281100A95344 /* GameCell.xib */ = {isa = PBXFileReference; fileEncoding = 4; lastKnownFileType = file.xib; path = GameCell.xib; sourceTree = "<group>"; };
		6CFD166A1EBAC21900D9C9E1 /* CampBaseControl.h */ = {isa = PBXFileReference; fileEncoding = 4; lastKnownFileType = sourcecode.c.h; path = CampBaseControl.h; sourceTree = "<group>"; };
		6CFD166B1EBAC21900D9C9E1 /* CampBaseControl.m */ = {isa = PBXFileReference; fileEncoding = 4; lastKnownFileType = sourcecode.c.objc; path = CampBaseControl.m; sourceTree = "<group>"; };
		6CFD166D1EBAC27500D9C9E1 /* ElectronicGameControl.h */ = {isa = PBXFileReference; fileEncoding = 4; lastKnownFileType = sourcecode.c.h; path = ElectronicGameControl.h; sourceTree = "<group>"; };
		6CFD166E1EBAC27500D9C9E1 /* ElectronicGameControl.m */ = {isa = PBXFileReference; fileEncoding = 4; lastKnownFileType = sourcecode.c.objc; path = ElectronicGameControl.m; sourceTree = "<group>"; };
		6CFD16771EBADBA300D9C9E1 /* GameElectronicMenu.h */ = {isa = PBXFileReference; fileEncoding = 4; lastKnownFileType = sourcecode.c.h; path = GameElectronicMenu.h; sourceTree = "<group>"; };
		6CFD16781EBADBA300D9C9E1 /* GameElectronicMenu.m */ = {isa = PBXFileReference; fileEncoding = 4; lastKnownFileType = sourcecode.c.objc; path = GameElectronicMenu.m; sourceTree = "<group>"; };
		6CFDBBC61ECA8E0200014B5E /* DiskPageNavigationController.h */ = {isa = PBXFileReference; fileEncoding = 4; lastKnownFileType = sourcecode.c.h; path = DiskPageNavigationController.h; sourceTree = "<group>"; };
		6CFDBBC71ECA8E0200014B5E /* DiskPageNavigationController.m */ = {isa = PBXFileReference; fileEncoding = 4; lastKnownFileType = sourcecode.c.objc; path = DiskPageNavigationController.m; sourceTree = "<group>"; };
		6CFDBBC91ECA91E100014B5E /* Js_DiskInfoControl.h */ = {isa = PBXFileReference; fileEncoding = 4; lastKnownFileType = sourcecode.c.h; path = Js_DiskInfoControl.h; sourceTree = "<group>"; };
		6CFDBBCA1ECA91E100014B5E /* Js_DiskInfoControl.m */ = {isa = PBXFileReference; fileEncoding = 4; lastKnownFileType = sourcecode.c.objc; path = Js_DiskInfoControl.m; sourceTree = "<group>"; };
		6CFDBBCD1ECA972D00014B5E /* CustomDiskInfoView.h */ = {isa = PBXFileReference; fileEncoding = 4; lastKnownFileType = sourcecode.c.h; path = CustomDiskInfoView.h; sourceTree = "<group>"; };
		6CFDBBCE1ECA972D00014B5E /* CustomDiskInfoView.m */ = {isa = PBXFileReference; fileEncoding = 4; lastKnownFileType = sourcecode.c.objc; path = CustomDiskInfoView.m; sourceTree = "<group>"; };
		6CFDBBD01ECAA82C00014B5E /* DiskViewCollectionView.h */ = {isa = PBXFileReference; fileEncoding = 4; lastKnownFileType = sourcecode.c.h; path = DiskViewCollectionView.h; sourceTree = "<group>"; };
		6CFDBBD11ECAA82C00014B5E /* DiskViewCollectionView.m */ = {isa = PBXFileReference; fileEncoding = 4; lastKnownFileType = sourcecode.c.objc; path = DiskViewCollectionView.m; sourceTree = "<group>"; };
		6CFDBBD21ECAA82C00014B5E /* DiskViewCollectionView.xib */ = {isa = PBXFileReference; fileEncoding = 4; lastKnownFileType = file.xib; path = DiskViewCollectionView.xib; sourceTree = "<group>"; };
		6CFDBBD51ECAE07900014B5E /* shortcutCollectionView.h */ = {isa = PBXFileReference; fileEncoding = 4; lastKnownFileType = sourcecode.c.h; path = shortcutCollectionView.h; sourceTree = "<group>"; };
		6CFDBBD61ECAE07900014B5E /* shortcutCollectionView.m */ = {isa = PBXFileReference; fileEncoding = 4; lastKnownFileType = sourcecode.c.objc; path = shortcutCollectionView.m; sourceTree = "<group>"; };
		6CFDBBD81ECAF4A600014B5E /* playTypeModel.h */ = {isa = PBXFileReference; fileEncoding = 4; lastKnownFileType = sourcecode.c.h; path = playTypeModel.h; sourceTree = "<group>"; };
		6CFDBBD91ECAF4A600014B5E /* playTypeModel.m */ = {isa = PBXFileReference; fileEncoding = 4; lastKnownFileType = sourcecode.c.objc; path = playTypeModel.m; sourceTree = "<group>"; };
		6CFDBBDB1ECAF57500014B5E /* NumberModel.h */ = {isa = PBXFileReference; fileEncoding = 4; lastKnownFileType = sourcecode.c.h; path = NumberModel.h; sourceTree = "<group>"; };
		6CFDBBDC1ECAF57500014B5E /* NumberModel.m */ = {isa = PBXFileReference; fileEncoding = 4; lastKnownFileType = sourcecode.c.objc; path = NumberModel.m; sourceTree = "<group>"; };
		6CFDBBDE1ECAF7AD00014B5E /* playingTypeCell.h */ = {isa = PBXFileReference; fileEncoding = 4; lastKnownFileType = sourcecode.c.h; path = playingTypeCell.h; sourceTree = "<group>"; };
		6CFDBBDF1ECAF7AD00014B5E /* playingTypeCell.m */ = {isa = PBXFileReference; fileEncoding = 4; lastKnownFileType = sourcecode.c.objc; path = playingTypeCell.m; sourceTree = "<group>"; };
		6CFDBBE01ECAF7AD00014B5E /* playingTypeCell.xib */ = {isa = PBXFileReference; fileEncoding = 4; lastKnownFileType = file.xib; path = playingTypeCell.xib; sourceTree = "<group>"; };
		6CFDBBE31ECAFAC200014B5E /* NumberCell.h */ = {isa = PBXFileReference; fileEncoding = 4; lastKnownFileType = sourcecode.c.h; path = NumberCell.h; sourceTree = "<group>"; };
		6CFDBBE41ECAFAC200014B5E /* NumberCell.m */ = {isa = PBXFileReference; fileEncoding = 4; lastKnownFileType = sourcecode.c.objc; path = NumberCell.m; sourceTree = "<group>"; };
		6CFDBBE51ECAFAC200014B5E /* NumberCell.xib */ = {isa = PBXFileReference; fileEncoding = 4; lastKnownFileType = file.xib; path = NumberCell.xib; sourceTree = "<group>"; };
		BB81A0DE3CE27D4FC81CED53 /* Pods-camp.release.xcconfig */ = {isa = PBXFileReference; includeInIndex = 1; lastKnownFileType = text.xcconfig; name = "Pods-camp.release.xcconfig"; path = "Pods/Target Support Files/Pods-camp/Pods-camp.release.xcconfig"; sourceTree = "<group>"; };
		E91480066AAC9FC87F06E853 /* Pods_camp.framework */ = {isa = PBXFileReference; explicitFileType = wrapper.framework; includeInIndex = 0; path = Pods_camp.framework; sourceTree = BUILT_PRODUCTS_DIR; };
		FCFA61262C9A4A789AA407EE /* Pods-camp.debug.xcconfig */ = {isa = PBXFileReference; includeInIndex = 1; lastKnownFileType = text.xcconfig; name = "Pods-camp.debug.xcconfig"; path = "Pods/Target Support Files/Pods-camp/Pods-camp.debug.xcconfig"; sourceTree = "<group>"; };
/* End PBXFileReference section */

/* Begin PBXFrameworksBuildPhase section */
		6CB6A4E51EB834B400FD9895 /* Frameworks */ = {
			isa = PBXFrameworksBuildPhase;
			buildActionMask = 2147483647;
			files = (
				D67C1E7F4C1F20852754170E /* Pods_camp.framework in Frameworks */,
			);
			runOnlyForDeploymentPostprocessing = 0;
		};
		6CB6A5011EB834B400FD9895 /* Frameworks */ = {
			isa = PBXFrameworksBuildPhase;
			buildActionMask = 2147483647;
			files = (
			);
			runOnlyForDeploymentPostprocessing = 0;
		};
		6CB6A50C1EB834B400FD9895 /* Frameworks */ = {
			isa = PBXFrameworksBuildPhase;
			buildActionMask = 2147483647;
			files = (
			);
			runOnlyForDeploymentPostprocessing = 0;
		};
/* End PBXFrameworksBuildPhase section */

/* Begin PBXGroup section */
		0D2BBADE3B3649FA5BC41AE8 /* Pods */ = {
			isa = PBXGroup;
			children = (
				FCFA61262C9A4A789AA407EE /* Pods-camp.debug.xcconfig */,
				BB81A0DE3CE27D4FC81CED53 /* Pods-camp.release.xcconfig */,
			);
			name = Pods;
			sourceTree = "<group>";
		};
		6C0031701EC02B1F004C1081 /* contentIcon */ = {
			isa = PBXGroup;
			children = (
				6C0031711EC02BCB004C1081 /* ic_lottery0.png */,
				6C0031721EC02BCB004C1081 /* ic_lottery2.png */,
				6C0031731EC02BCB004C1081 /* ic_lottery4.png */,
				6C0031741EC02BCB004C1081 /* ic_lottery1.png */,
				6C0031751EC02BCB004C1081 /* ic_lottery3.png */,
			);
			path = contentIcon;
			sourceTree = "<group>";
		};
		6C07C6581EC00A470086869E /* Lottery */ = {
			isa = PBXGroup;
			children = (
				6CFDBBC01ECA8CEA00014B5E /* 详细玩法信息 */,
				6C07C6591EC00A7D0086869E /* LotteryControl.h */,
				6C07C65A1EC00A7D0086869E /* LotteryControl.m */,
			);
			path = Lottery;
			sourceTree = "<group>";
		};
		6C07C65C1EC00BB70086869E /* Banner */ = {
			isa = PBXGroup;
			children = (
				6C07C65D1EC00BD40086869E /* ic_banner1.png */,
				6C07C65E1EC00BD40086869E /* ic_banner2.png */,
				6C07C65F1EC00BD40086869E /* ic_banner3.png */,
			);
			path = Banner;
			sourceTree = "<group>";
		};
		6C07C6631EC010790086869E /* Lottery */ = {
			isa = PBXGroup;
			children = (
				6CFDBBCC1ECA96F500014B5E /* 详细玩法信息 */,
				6C07C6641EC010EE0086869E /* CustomGroupView.h */,
				6C07C6651EC010EE0086869E /* CustomGroupView.m */,
				6C50CFEF1EC55102000D97FC /* sportsGameCell.h */,
				6C50CFF01EC55102000D97FC /* sportsGameCell.m */,
				6C50CFF11EC55102000D97FC /* sportsGameCell.xib */,
			);
			path = Lottery;
			sourceTree = "<group>";
		};
		6C34BF061EC93B9F00E65C3E /* MyAccount */ = {
			isa = PBXGroup;
			children = (
				6C34BF071EC93BCB00E65C3E /* MyAccountControl.h */,
				6C34BF081EC93BCB00E65C3E /* MyAccountControl.m */,
				6C34BF1A1EC95B5900E65C3E /* RechargeControl.h */,
				6C34BF1B1EC95B5900E65C3E /* RechargeControl.m */,
			);
			path = MyAccount;
			sourceTree = "<group>";
		};
		6C34BF0A1EC93DA500E65C3E /* MyAccount */ = {
			isa = PBXGroup;
			children = (
				6C34BF0B1EC93DC900E65C3E /* MyAccountHeaderCell.h */,
				6C34BF0C1EC93DC900E65C3E /* MyAccountHeaderCell.m */,
				6C34BF0D1EC93DC900E65C3E /* MyAccountHeaderCell.xib */,
				6C34BF101EC93EE600E65C3E /* MyAccountSettingCell.h */,
				6C34BF111EC93EE600E65C3E /* MyAccountSettingCell.m */,
				6C34BF121EC93EE700E65C3E /* MyAccountSettingCell.xib */,
				6C34BF151EC9564600E65C3E /* LogOutCell.h */,
				6C34BF161EC9564600E65C3E /* LogOutCell.m */,
				6C34BF171EC9564600E65C3E /* LogOutCell.xib */,
				6C34BF221EC9894400E65C3E /* shortcutRechargeCell.h */,
				6C34BF231EC9894400E65C3E /* shortcutRechargeCell.m */,
			);
			path = MyAccount;
			sourceTree = "<group>";
		};
		6C50CFF41EC55195000D97FC /* HomeTmpImage */ = {
			isa = PBXGroup;
			children = (
				6C50CFF51EC551C5000D97FC /* ic_physical_footer_btn.png */,
				6C50CFF61EC551C5000D97FC /* ic_physical_footer1.png */,
				6C50CFF71EC551C5000D97FC /* ic_physical_footer2.png */,
			);
			path = HomeTmpImage;
			sourceTree = "<group>";
		};
		6C50D0051EC567F4000D97FC /* QrCodeControl */ = {
			isa = PBXGroup;
			children = (
			);
			path = QrCodeControl;
			sourceTree = "<group>";
		};
		6C50D0061EC59046000D97FC /* verticalGameLayout */ = {
			isa = PBXGroup;
			children = (
				6C50D0181EC5B65F000D97FC /* verticalLayoutControl.h */,
				6C50D0191EC5B65F000D97FC /* verticalLayoutControl.m */,
			);
			path = verticalGameLayout;
			sourceTree = "<group>";
		};
		6C50D00A1EC597B6000D97FC /* verticalGameLayout */ = {
			isa = PBXGroup;
			children = (
				6C50D01B1EC5B6A5000D97FC /* GroupSettingCell.h */,
				6C50D01C1EC5B6A5000D97FC /* GroupSettingCell.m */,
				6C50D01D1EC5B6A5000D97FC /* GroupSettingCell.xib */,
				6C50D01E1EC5B6A5000D97FC /* verticalLayoutCell.h */,
				6C50D01F1EC5B6A5000D97FC /* verticalLayoutCell.m */,
				6C50D0201EC5B6A5000D97FC /* verticalLayoutCell.xib */,
			);
			path = verticalGameLayout;
			sourceTree = "<group>";
		};
		6C50D0251EC5B748000D97FC /* LiveVideoLayout */ = {
			isa = PBXGroup;
			children = (
				6C50D02C1EC5B9A9000D97FC /* LiveFramLayoutControl.h */,
				6C50D02D1EC5B9A9000D97FC /* LiveFramLayoutControl.m */,
			);
			path = LiveVideoLayout;
			sourceTree = "<group>";
		};
		6C50D0261EC5B75B000D97FC /* LiveVideoLayout */ = {
			isa = PBXGroup;
			children = (
				6C50D0271EC5B785000D97FC /* LiveVideoCollectionCell.h */,
				6C50D0281EC5B785000D97FC /* LiveVideoCollectionCell.m */,
				6C50D0291EC5B785000D97FC /* LiveVideoCollectionCell.xib */,
			);
			path = LiveVideoLayout;
			sourceTree = "<group>";
		};
		6C8DBE651EB97CD6007C55F1 /* Model */ = {
			isa = PBXGroup;
			children = (
				6C8DBE781EB9CE6A007C55F1 /* DataBaseModel */,
				6C8DBE661EB97D1D007C55F1 /* UserInfo */,
			);
			path = Model;
			sourceTree = "<group>";
		};
		6C8DBE661EB97D1D007C55F1 /* UserInfo */ = {
			isa = PBXGroup;
			children = (
				6C8DBE671EB97D60007C55F1 /* UserModel.h */,
				6C8DBE681EB97D60007C55F1 /* UserModel.m */,
			);
			path = UserInfo;
			sourceTree = "<group>";
		};
		6C8DBE6C1EB98C40007C55F1 /* Main */ = {
			isa = PBXGroup;
			children = (
				6C8DBE6D1EB98D2E007C55F1 /* MainTabBarControl.h */,
				6C8DBE6E1EB98D2E007C55F1 /* MainTabBarControl.m */,
			);
			path = Main;
			sourceTree = "<group>";
		};
		6C8DBE781EB9CE6A007C55F1 /* DataBaseModel */ = {
			isa = PBXGroup;
			children = (
				6C8DBE791EB9CEB2007C55F1 /* DataBaseModel.h */,
				6C8DBE7A1EB9CEB2007C55F1 /* DataBaseModel.m */,
				6C8DBE7C1EB9D22B007C55F1 /* gameGroupModel.h */,
				6C8DBE7D1EB9D22B007C55F1 /* gameGroupModel.m */,
				6C8DBE7F1EB9DD8E007C55F1 /* gameModel.h */,
				6C8DBE801EB9DD8E007C55F1 /* gameModel.m */,
				6C07C6551EC0042F0086869E /* typesModel.h */,
				6C07C6561EC0042F0086869E /* typesModel.m */,
				6C50D0151EC5B03E000D97FC /* paramsModel.h */,
				6C50D0161EC5B03E000D97FC /* paramsModel.m */,
				6C34BF251EC9AC1C00E65C3E /* quotationInfoModel.h */,
				6C34BF261EC9AC1C00E65C3E /* quotationInfoModel.m */,
				6CFDBBD81ECAF4A600014B5E /* playTypeModel.h */,
				6CFDBBD91ECAF4A600014B5E /* playTypeModel.m */,
				6CFDBBDB1ECAF57500014B5E /* NumberModel.h */,
				6CFDBBDC1ECAF57500014B5E /* NumberModel.m */,
			);
			path = DataBaseModel;
			sourceTree = "<group>";
		};
		6CB6A4DF1EB834B400FD9895 = {
			isa = PBXGroup;
			children = (
				6CB6A4EA1EB834B400FD9895 /* camp */,
				6CB6A5071EB834B400FD9895 /* campTests */,
				6CB6A5121EB834B400FD9895 /* campUITests */,
				6CB6A4E91EB834B400FD9895 /* Products */,
				0D2BBADE3B3649FA5BC41AE8 /* Pods */,
				CA60E65A604DFE1059E482DE /* Frameworks */,
			);
			sourceTree = "<group>";
		};
		6CB6A4E91EB834B400FD9895 /* Products */ = {
			isa = PBXGroup;
			children = (
				6CB6A4E81EB834B400FD9895 /* camp.app */,
				6CB6A5041EB834B400FD9895 /* campTests.xctest */,
				6CB6A50F1EB834B400FD9895 /* campUITests.xctest */,
			);
			name = Products;
			sourceTree = "<group>";
		};
		6CB6A4EA1EB834B400FD9895 /* camp */ = {
			isa = PBXGroup;
			children = (
				6C50D0021EC55E34000D97FC /* Main.storyboard */,
				6C0031881EC05859004C1081 /* LaunchScreen.storyboard */,
				6C50CFFD1EC55DE1000D97FC /* Main.storyboard */,
				6CD3EC601EB866890037564E /* Category */,
				6CD3EC491EB842CC0037564E /* Macro */,
				6CD3EC481EB842630037564E /* reSource */,
				6CD3EC421EB841B00037564E /* AppDelegate */,
				6CD3EC411EB841880037564E /* Classes */,
				6CD3EC401EB841520037564E /* Tool */,
				6CB6A4EB1EB834B400FD9895 /* Supporting Files */,
			);
			path = camp;
			sourceTree = "<group>";
		};
		6CB6A4EB1EB834B400FD9895 /* Supporting Files */ = {
			isa = PBXGroup;
			children = (
				6CB6A4EC1EB834B400FD9895 /* main.m */,
			);
			name = "Supporting Files";
			sourceTree = "<group>";
		};
		6CB6A5071EB834B400FD9895 /* campTests */ = {
			isa = PBXGroup;
			children = (
				6CB6A5081EB834B400FD9895 /* campTests.m */,
				6CB6A50A1EB834B400FD9895 /* Info.plist */,
			);
			path = campTests;
			sourceTree = "<group>";
		};
		6CB6A5121EB834B400FD9895 /* campUITests */ = {
			isa = PBXGroup;
			children = (
				6CB6A5131EB834B400FD9895 /* campUITests.m */,
				6CB6A5151EB834B400FD9895 /* Info.plist */,
			);
			path = campUITests;
			sourceTree = "<group>";
		};
		6CD3EC401EB841520037564E /* Tool */ = {
			isa = PBXGroup;
			children = (
				6C8DBE5E1EB970A1007C55F1 /* CSNetWorkIngManager.m */,
				6C8DBE5F1EB970A1007C55F1 /* CSNetWorkIngManager.h */,
				6C00317D1EC05438004C1081 /* FGLanguageTool.h */,
				6C00317E1EC05438004C1081 /* FGLanguageTool.m */,
			);
			path = Tool;
			sourceTree = "<group>";
		};
		6CD3EC411EB841880037564E /* Classes */ = {
			isa = PBXGroup;
			children = (
				6CFD16701EBAD9B000D9C9E1 /* View */,
				6C8DBE651EB97CD6007C55F1 /* Model */,
				6CD3EC541EB854130037564E /* Control */,
			);
			path = Classes;
			sourceTree = "<group>";
		};
		6CD3EC421EB841B00037564E /* AppDelegate */ = {
			isa = PBXGroup;
			children = (
				6CD3EC431EB841EC0037564E /* AppDelegate.h */,
				6CD3EC441EB841EC0037564E /* AppDelegate.m */,
			);
			path = AppDelegate;
			sourceTree = "<group>";
		};
		6CD3EC481EB842630037564E /* reSource */ = {
			isa = PBXGroup;
			children = (
				6C50CFF41EC55195000D97FC /* HomeTmpImage */,
				6C0031701EC02B1F004C1081 /* contentIcon */,
				6C07C65C1EC00BB70086869E /* Banner */,
				6CD9B83C1EBC76D7001F5373 /* KLCPopup */,
				6CD9B82F1EBC689F001F5373 /* ic_Video_pic */,
				6CD3EC6C1EB878890037564E /* GestureLock */,
				6CD3EC5B1EB85FFC0037564E /* camp.xcdatamodeld */,
				6CD3EC4A1EB843130037564E /* Assets.xcassets */,
				6C34BF041EC93B0600E65C3E /* Info.plist */,
				6C0031981EC05F63004C1081 /* CustomLocalizable.strings */,
			);
			path = reSource;
			sourceTree = "<group>";
		};
		6CD3EC491EB842CC0037564E /* Macro */ = {
			isa = PBXGroup;
			children = (
				6CD3EC531EB853300037564E /* PrefixHeader.pch */,
				6C8DBE641EB971D2007C55F1 /* api_Url.h */,
				6C8DBE6A1EB9807C007C55F1 /* mac_Model.h */,
				6C8DBE6B1EB98574007C55F1 /* app_Geneal.h */,
			);
			path = Macro;
			sourceTree = "<group>";
		};
		6CD3EC541EB854130037564E /* Control */ = {
			isa = PBXGroup;
			children = (
				6C34BF061EC93B9F00E65C3E /* MyAccount */,
				6C50D0251EC5B748000D97FC /* LiveVideoLayout */,
				6C50D0061EC59046000D97FC /* verticalGameLayout */,
				6C50D0051EC567F4000D97FC /* QrCodeControl */,
				6C07C6581EC00A470086869E /* Lottery */,
				6CD9B8221EBC63B2001F5373 /* LiveVideo */,
				6CFD16691EBAC1ED00D9C9E1 /* BaseControl */,
				6CFD16681EBAC1D100D9C9E1 /* ElectronicGame */,
				6C8DBE6C1EB98C40007C55F1 /* Main */,
				6CD3EC551EB8544F0037564E /* Login */,
			);
			path = Control;
			sourceTree = "<group>";
		};
		6CD3EC551EB8544F0037564E /* Login */ = {
			isa = PBXGroup;
			children = (
				6CD3EC581EB85DBB0037564E /* LoginController.h */,
				6CD3EC591EB85DBB0037564E /* LoginController.m */,
			);
			path = Login;
			sourceTree = "<group>";
		};
		6CD3EC601EB866890037564E /* Category */ = {
			isa = PBXGroup;
			children = (
				6CD3EC671EB869510037564E /* CALayer+SetBorder.h */,
				6CD3EC681EB869510037564E /* CALayer+SetBorder.m */,
				6C00316D1EC02420004C1081 /* UIView+additional.h */,
				6C00316E1EC02420004C1081 /* UIView+additional.m */,
			);
			path = Category;
			sourceTree = "<group>";
		};
		6CD3EC6C1EB878890037564E /* GestureLock */ = {
			isa = PBXGroup;
			children = (
				6CD3EC981EB87ED60037564E /* CLLockVC.h */,
				6CD3EC991EB87ED60037564E /* CLLockVC.m */,
				6CD3EC8E1EB87DA60037564E /* CoreArchive */,
				6CD3EC941EB87DA60037564E /* CoreExtend */,
				6CD3EC711EB87D940037564E /* Lib */,
			);
			path = GestureLock;
			sourceTree = "<group>";
		};
		6CD3EC711EB87D940037564E /* Lib */ = {
			isa = PBXGroup;
			children = (
				6CD3EC721EB87D940037564E /* Category */,
				6CD3EC751EB87D940037564E /* Const */,
				6CD3EC781EB87D940037564E /* Controller */,
				6CD3EC7B1EB87D940037564E /* View */,
			);
			path = Lib;
			sourceTree = "<group>";
		};
		6CD3EC721EB87D940037564E /* Category */ = {
			isa = PBXGroup;
			children = (
				6CD3EC731EB87D940037564E /* CALayer+Anim.h */,
				6CD3EC741EB87D940037564E /* CALayer+Anim.m */,
			);
			path = Category;
			sourceTree = "<group>";
		};
		6CD3EC751EB87D940037564E /* Const */ = {
			isa = PBXGroup;
			children = (
				6CD3EC761EB87D940037564E /* CoreLockConst.h */,
				6CD3EC771EB87D940037564E /* CoreLockConst.m */,
			);
			path = Const;
			sourceTree = "<group>";
		};
		6CD3EC781EB87D940037564E /* Controller */ = {
			isa = PBXGroup;
			children = (
				6CD3EC791EB87D940037564E /* CLLockNavVC.h */,
				6CD3EC7A1EB87D940037564E /* CLLockNavVC.m */,
			);
			path = Controller;
			sourceTree = "<group>";
		};
		6CD3EC7B1EB87D940037564E /* View */ = {
			isa = PBXGroup;
			children = (
				6CD3EC7C1EB87D940037564E /* CLLockInfoView.h */,
				6CD3EC7D1EB87D940037564E /* CLLockInfoView.m */,
				6CD3EC7E1EB87D940037564E /* CLLockItemView.h */,
				6CD3EC7F1EB87D940037564E /* CLLockItemView.m */,
				6CD3EC801EB87D940037564E /* CLLockLabel.h */,
				6CD3EC811EB87D940037564E /* CLLockLabel.m */,
				6CD3EC821EB87D940037564E /* CLLockMainView.h */,
				6CD3EC831EB87D940037564E /* CLLockMainView.m */,
				6CD3EC841EB87D940037564E /* CLLockView.h */,
				6CD3EC851EB87D940037564E /* CLLockView.m */,
			);
			path = View;
			sourceTree = "<group>";
		};
		6CD3EC8E1EB87DA60037564E /* CoreArchive */ = {
			isa = PBXGroup;
			children = (
				6CD3EC8F1EB87DA60037564E /* Category */,
				6CD3EC921EB87DA60037564E /* CoreArchive.h */,
				6CD3EC931EB87DA60037564E /* CoreArchive.m */,
			);
			path = CoreArchive;
			sourceTree = "<group>";
		};
		6CD3EC8F1EB87DA60037564E /* Category */ = {
			isa = PBXGroup;
			children = (
				6CD3EC901EB87DA60037564E /* NSString+File.h */,
				6CD3EC911EB87DA60037564E /* NSString+File.m */,
			);
			path = Category;
			sourceTree = "<group>";
		};
		6CD3EC941EB87DA60037564E /* CoreExtend */ = {
			isa = PBXGroup;
			children = (
				6CD3EC951EB87DA60037564E /* CoreConst.h */,
			);
			path = CoreExtend;
			sourceTree = "<group>";
		};
		6CD9B8221EBC63B2001F5373 /* LiveVideo */ = {
			isa = PBXGroup;
			children = (
				6CD9B8231EBC63F4001F5373 /* LiveVideoControl.h */,
				6CD9B8241EBC63F4001F5373 /* LiveVideoControl.m */,
			);
			path = LiveVideo;
			sourceTree = "<group>";
		};
		6CD9B8261EBC670D001F5373 /* LiveVideo */ = {
			isa = PBXGroup;
			children = (
				6CD9B8401EBC7887001F5373 /* PopContentView.h */,
				6CD9B8411EBC7887001F5373 /* PopContentView.m */,
				6CD9B8431EBC8048001F5373 /* PopContentTableCell.h */,
				6CD9B8441EBC8048001F5373 /* PopContentTableCell.m */,
				6CD9B8451EBC8048001F5373 /* PopContentTableCell.xib */,
			);
			path = LiveVideo;
			sourceTree = "<group>";
		};
		6CD9B82F1EBC689F001F5373 /* ic_Video_pic */ = {
			isa = PBXGroup;
			children = (
				6CD9B8301EBC68D9001F5373 /* ic_video_pic1.jpg */,
				6CD9B8311EBC68D9001F5373 /* ic_video_pic2.jpg */,
				6CD9B8321EBC68D9001F5373 /* ic_video_pic3.jpg */,
				6CD9B8331EBC68D9001F5373 /* ic_video_pic4.jpg */,
				6CD9B8341EBC68D9001F5373 /* ic_video_pic5.jpg */,
				6CD9B8351EBC68D9001F5373 /* ic_video_pic6.jpg */,
			);
			path = ic_Video_pic;
			sourceTree = "<group>";
		};
		6CD9B83C1EBC76D7001F5373 /* KLCPopup */ = {
			isa = PBXGroup;
			children = (
				6CD9B83D1EBC76D7001F5373 /* KLCPopup.h */,
				6CD9B83E1EBC76D7001F5373 /* KLCPopup.m */,
			);
			path = KLCPopup;
			sourceTree = "<group>";
		};
		6CFD16681EBAC1D100D9C9E1 /* ElectronicGame */ = {
			isa = PBXGroup;
			children = (
				6CFD166D1EBAC27500D9C9E1 /* ElectronicGameControl.h */,
				6CFD166E1EBAC27500D9C9E1 /* ElectronicGameControl.m */,
			);
			path = ElectronicGame;
			sourceTree = "<group>";
		};
		6CFD16691EBAC1ED00D9C9E1 /* BaseControl */ = {
			isa = PBXGroup;
			children = (
				6CFD166A1EBAC21900D9C9E1 /* CampBaseControl.h */,
				6CFD166B1EBAC21900D9C9E1 /* CampBaseControl.m */,
				6C34BF1D1EC95FEA00E65C3E /* CampBaseNavigationController.h */,
				6C34BF1E1EC95FEA00E65C3E /* CampBaseNavigationController.m */,
				6CFDBBC61ECA8E0200014B5E /* DiskPageNavigationController.h */,
				6CFDBBC71ECA8E0200014B5E /* DiskPageNavigationController.m */,
			);
			path = BaseControl;
			sourceTree = "<group>";
		};
		6CFD16701EBAD9B000D9C9E1 /* View */ = {
			isa = PBXGroup;
			children = (
				6C34BF0A1EC93DA500E65C3E /* MyAccount */,
				6C50D0261EC5B75B000D97FC /* LiveVideoLayout */,
				6C50D00A1EC597B6000D97FC /* verticalGameLayout */,
				6C07C6631EC010790086869E /* Lottery */,
				6CD9B8261EBC670D001F5373 /* LiveVideo */,
				6CFD16711EBAD9D400D9C9E1 /* ElectronicGame */,
			);
			path = View;
			sourceTree = "<group>";
		};
		6CFD16711EBAD9D400D9C9E1 /* ElectronicGame */ = {
			isa = PBXGroup;
			children = (
				6CFD16771EBADBA300D9C9E1 /* GameElectronicMenu.h */,
				6CFD16781EBADBA300D9C9E1 /* GameElectronicMenu.m */,
				6CEB31A51EBC281100A95344 /* GameCell.h */,
				6CEB31A61EBC281100A95344 /* GameCell.m */,
				6CEB31A71EBC281100A95344 /* GameCell.xib */,
			);
			path = ElectronicGame;
			sourceTree = "<group>";
		};
		6CFDBBC01ECA8CEA00014B5E /* 详细玩法信息 */ = {
			isa = PBXGroup;
			children = (
				6CFDBBC91ECA91E100014B5E /* Js_DiskInfoControl.h */,
				6CFDBBCA1ECA91E100014B5E /* Js_DiskInfoControl.m */,
			);
			path = "详细玩法信息";
			sourceTree = "<group>";
		};
		6CFDBBCC1ECA96F500014B5E /* 详细玩法信息 */ = {
			isa = PBXGroup;
			children = (
				6CFDBBCD1ECA972D00014B5E /* CustomDiskInfoView.h */,
				6CFDBBCE1ECA972D00014B5E /* CustomDiskInfoView.m */,
				6CFDBBD01ECAA82C00014B5E /* DiskViewCollectionView.h */,
				6CFDBBD11ECAA82C00014B5E /* DiskViewCollectionView.m */,
				6CFDBBD21ECAA82C00014B5E /* DiskViewCollectionView.xib */,
				6CFDBBD51ECAE07900014B5E /* shortcutCollectionView.h */,
				6CFDBBD61ECAE07900014B5E /* shortcutCollectionView.m */,
				6CFDBBDE1ECAF7AD00014B5E /* playingTypeCell.h */,
				6CFDBBDF1ECAF7AD00014B5E /* playingTypeCell.m */,
				6CFDBBE01ECAF7AD00014B5E /* playingTypeCell.xib */,
				6CFDBBE31ECAFAC200014B5E /* NumberCell.h */,
				6CFDBBE41ECAFAC200014B5E /* NumberCell.m */,
				6CFDBBE51ECAFAC200014B5E /* NumberCell.xib */,
			);
			path = "详细玩法信息";
			sourceTree = "<group>";
		};
		CA60E65A604DFE1059E482DE /* Frameworks */ = {
			isa = PBXGroup;
			children = (
				E91480066AAC9FC87F06E853 /* Pods_camp.framework */,
			);
			name = Frameworks;
			sourceTree = "<group>";
		};
/* End PBXGroup section */

/* Begin PBXNativeTarget section */
		6CB6A4E71EB834B400FD9895 /* camp */ = {
			isa = PBXNativeTarget;
			buildConfigurationList = 6CB6A5181EB834B400FD9895 /* Build configuration list for PBXNativeTarget "camp" */;
			buildPhases = (
				37A570CC92B35988583DC420 /* [CP] Check Pods Manifest.lock */,
				6CB6A4E41EB834B400FD9895 /* Sources */,
				6CB6A4E51EB834B400FD9895 /* Frameworks */,
				6CB6A4E61EB834B400FD9895 /* Resources */,
				0CCBCE0D705C0755A611B1DB /* [CP] Embed Pods Frameworks */,
				2A99178D6C0B9397CE6737D8 /* [CP] Copy Pods Resources */,
			);
			buildRules = (
			);
			dependencies = (
			);
			name = camp;
			productName = camp;
			productReference = 6CB6A4E81EB834B400FD9895 /* camp.app */;
			productType = "com.apple.product-type.application";
		};
		6CB6A5031EB834B400FD9895 /* campTests */ = {
			isa = PBXNativeTarget;
			buildConfigurationList = 6CB6A51B1EB834B400FD9895 /* Build configuration list for PBXNativeTarget "campTests" */;
			buildPhases = (
				6CB6A5001EB834B400FD9895 /* Sources */,
				6CB6A5011EB834B400FD9895 /* Frameworks */,
				6CB6A5021EB834B400FD9895 /* Resources */,
			);
			buildRules = (
			);
			dependencies = (
				6CB6A5061EB834B400FD9895 /* PBXTargetDependency */,
			);
			name = campTests;
			productName = campTests;
			productReference = 6CB6A5041EB834B400FD9895 /* campTests.xctest */;
			productType = "com.apple.product-type.bundle.unit-test";
		};
		6CB6A50E1EB834B400FD9895 /* campUITests */ = {
			isa = PBXNativeTarget;
			buildConfigurationList = 6CB6A51E1EB834B400FD9895 /* Build configuration list for PBXNativeTarget "campUITests" */;
			buildPhases = (
				6CB6A50B1EB834B400FD9895 /* Sources */,
				6CB6A50C1EB834B400FD9895 /* Frameworks */,
				6CB6A50D1EB834B400FD9895 /* Resources */,
			);
			buildRules = (
			);
			dependencies = (
				6CB6A5111EB834B400FD9895 /* PBXTargetDependency */,
			);
			name = campUITests;
			productName = campUITests;
			productReference = 6CB6A50F1EB834B400FD9895 /* campUITests.xctest */;
			productType = "com.apple.product-type.bundle.ui-testing";
		};
/* End PBXNativeTarget section */

/* Begin PBXProject section */
		6CB6A4E01EB834B400FD9895 /* Project object */ = {
			isa = PBXProject;
			attributes = {
				LastUpgradeCheck = 0830;
				ORGANIZATIONNAME = "张三好";
				TargetAttributes = {
					6CB6A4E71EB834B400FD9895 = {
						CreatedOnToolsVersion = 8.3.2;
						ProvisioningStyle = Automatic;
					};
					6CB6A5031EB834B400FD9895 = {
						CreatedOnToolsVersion = 8.3.2;
						ProvisioningStyle = Automatic;
						TestTargetID = 6CB6A4E71EB834B400FD9895;
					};
					6CB6A50E1EB834B400FD9895 = {
						CreatedOnToolsVersion = 8.3.2;
						ProvisioningStyle = Automatic;
						TestTargetID = 6CB6A4E71EB834B400FD9895;
					};
				};
			};
			buildConfigurationList = 6CB6A4E31EB834B400FD9895 /* Build configuration list for PBXProject "camp" */;
			compatibilityVersion = "Xcode 3.2";
			developmentRegion = English;
			hasScannedForEncodings = 0;
			knownRegions = (
				en,
				Base,
			);
			mainGroup = 6CB6A4DF1EB834B400FD9895;
			productRefGroup = 6CB6A4E91EB834B400FD9895 /* Products */;
			projectDirPath = "";
			projectRoot = "";
			targets = (
				6CB6A4E71EB834B400FD9895 /* camp */,
				6CB6A5031EB834B400FD9895 /* campTests */,
				6CB6A50E1EB834B400FD9895 /* campUITests */,
			);
		};
/* End PBXProject section */

/* Begin PBXResourcesBuildPhase section */
		6CB6A4E61EB834B400FD9895 /* Resources */ = {
			isa = PBXResourcesBuildPhase;
			buildActionMask = 2147483647;
			files = (
				6C0031761EC02BCB004C1081 /* ic_lottery0.png in Resources */,
				6C50CFFF1EC55DE1000D97FC /* Main.storyboard in Resources */,
				6C50CFF91EC551C5000D97FC /* ic_physical_footer1.png in Resources */,
				6CD9B83A1EBC68D9001F5373 /* ic_video_pic5.jpg in Resources */,
				6CFDBBD41ECAA82C00014B5E /* DiskViewCollectionView.xib in Resources */,
				6CD9B8381EBC68D9001F5373 /* ic_video_pic3.jpg in Resources */,
				6CD9B8391EBC68D9001F5373 /* ic_video_pic4.jpg in Resources */,
				6C07C6601EC00BD40086869E /* ic_banner1.png in Resources */,
				6C50D0041EC55E34000D97FC /* Main.storyboard in Resources */,
				6C0031961EC05F63004C1081 /* CustomLocalizable.strings in Resources */,
				6CFDBBE71ECAFAC200014B5E /* NumberCell.xib in Resources */,
				6CD9B83B1EBC68D9001F5373 /* ic_video_pic6.jpg in Resources */,
				6C00318C1EC05859004C1081 /* LaunchScreen.storyboard in Resources */,
				6C50CFF31EC55102000D97FC /* sportsGameCell.xib in Resources */,
				6C07C6611EC00BD40086869E /* ic_banner2.png in Resources */,
				6CFDBBE21ECAF7AD00014B5E /* playingTypeCell.xib in Resources */,
				6C50CFF81EC551C5000D97FC /* ic_physical_footer_btn.png in Resources */,
				6CEB31A91EBC281100A95344 /* GameCell.xib in Resources */,
				6C50D02B1EC5B785000D97FC /* LiveVideoCollectionCell.xib in Resources */,
				6C34BF051EC93B0600E65C3E /* Info.plist in Resources */,
				6C34BF141EC93EE700E65C3E /* MyAccountSettingCell.xib in Resources */,
				6CD9B8361EBC68D9001F5373 /* ic_video_pic1.jpg in Resources */,
				6C0031781EC02BCB004C1081 /* ic_lottery4.png in Resources */,
				6CD3EC4B1EB843130037564E /* Assets.xcassets in Resources */,
				6CD9B8471EBC8048001F5373 /* PopContentTableCell.xib in Resources */,
				6C07C6621EC00BD40086869E /* ic_banner3.png in Resources */,
				6CD9B8371EBC68D9001F5373 /* ic_video_pic2.jpg in Resources */,
				6C50D0221EC5B6A5000D97FC /* GroupSettingCell.xib in Resources */,
				6C34BF191EC9564600E65C3E /* LogOutCell.xib in Resources */,
				6C0031771EC02BCB004C1081 /* ic_lottery2.png in Resources */,
				6C0031791EC02BCB004C1081 /* ic_lottery1.png in Resources */,
				6C00317A1EC02BCB004C1081 /* ic_lottery3.png in Resources */,
				6C50CFFA1EC551C5000D97FC /* ic_physical_footer2.png in Resources */,
				6C34BF0F1EC93DC900E65C3E /* MyAccountHeaderCell.xib in Resources */,
				6C50D0241EC5B6A5000D97FC /* verticalLayoutCell.xib in Resources */,
			);
			runOnlyForDeploymentPostprocessing = 0;
		};
		6CB6A5021EB834B400FD9895 /* Resources */ = {
			isa = PBXResourcesBuildPhase;
			buildActionMask = 2147483647;
			files = (
			);
			runOnlyForDeploymentPostprocessing = 0;
		};
		6CB6A50D1EB834B400FD9895 /* Resources */ = {
			isa = PBXResourcesBuildPhase;
			buildActionMask = 2147483647;
			files = (
			);
			runOnlyForDeploymentPostprocessing = 0;
		};
/* End PBXResourcesBuildPhase section */

/* Begin PBXShellScriptBuildPhase section */
		0CCBCE0D705C0755A611B1DB /* [CP] Embed Pods Frameworks */ = {
			isa = PBXShellScriptBuildPhase;
			buildActionMask = 2147483647;
			files = (
			);
			inputPaths = (
			);
			name = "[CP] Embed Pods Frameworks";
			outputPaths = (
			);
			runOnlyForDeploymentPostprocessing = 0;
			shellPath = /bin/sh;
			shellScript = "\"${SRCROOT}/Pods/Target Support Files/Pods-camp/Pods-camp-frameworks.sh\"\n";
			showEnvVarsInLog = 0;
		};
		2A99178D6C0B9397CE6737D8 /* [CP] Copy Pods Resources */ = {
			isa = PBXShellScriptBuildPhase;
			buildActionMask = 2147483647;
			files = (
			);
			inputPaths = (
			);
			name = "[CP] Copy Pods Resources";
			outputPaths = (
			);
			runOnlyForDeploymentPostprocessing = 0;
			shellPath = /bin/sh;
			shellScript = "\"${SRCROOT}/Pods/Target Support Files/Pods-camp/Pods-camp-resources.sh\"\n";
			showEnvVarsInLog = 0;
		};
		37A570CC92B35988583DC420 /* [CP] Check Pods Manifest.lock */ = {
			isa = PBXShellScriptBuildPhase;
			buildActionMask = 2147483647;
			files = (
			);
			inputPaths = (
			);
			name = "[CP] Check Pods Manifest.lock";
			outputPaths = (
			);
			runOnlyForDeploymentPostprocessing = 0;
			shellPath = /bin/sh;
			shellScript = "diff \"${PODS_PODFILE_DIR_PATH}/Podfile.lock\" \"${PODS_ROOT}/Manifest.lock\" > /dev/null\nif [ $? != 0 ] ; then\n    # print error to STDERR\n    echo \"error: The sandbox is not in sync with the Podfile.lock. Run 'pod install' or update your CocoaPods installation.\" >&2\n    exit 1\nfi\n";
			showEnvVarsInLog = 0;
		};
/* End PBXShellScriptBuildPhase section */

/* Begin PBXSourcesBuildPhase section */
		6CB6A4E41EB834B400FD9895 /* Sources */ = {
			isa = PBXSourcesBuildPhase;
			buildActionMask = 2147483647;
			files = (
				6CD3EC891EB87D940037564E /* CLLockInfoView.m in Sources */,
				6CD3EC861EB87D940037564E /* CALayer+Anim.m in Sources */,
				6CFDBBDD1ECAF57500014B5E /* NumberModel.m in Sources */,
				6CD3EC691EB869510037564E /* CALayer+SetBorder.m in Sources */,
				6C50D01A1EC5B65F000D97FC /* verticalLayoutControl.m in Sources */,
				6CD3EC961EB87DA60037564E /* NSString+File.m in Sources */,
				6C34BF131EC93EE700E65C3E /* MyAccountSettingCell.m in Sources */,
				6CD3EC971EB87DA60037564E /* CoreArchive.m in Sources */,
				6C07C6661EC010EE0086869E /* CustomGroupView.m in Sources */,
				6C50D0211EC5B6A5000D97FC /* GroupSettingCell.m in Sources */,
				6C50D02A1EC5B785000D97FC /* LiveVideoCollectionCell.m in Sources */,
				6CFDBBE61ECAFAC200014B5E /* NumberCell.m in Sources */,
				6C34BF241EC9894400E65C3E /* shortcutRechargeCell.m in Sources */,
				6CFD166F1EBAC27500D9C9E1 /* ElectronicGameControl.m in Sources */,
				6C00317F1EC05438004C1081 /* FGLanguageTool.m in Sources */,
				6C8DBE7E1EB9D22B007C55F1 /* gameGroupModel.m in Sources */,
				6CFDBBD31ECAA82C00014B5E /* DiskViewCollectionView.m in Sources */,
				6CD3EC451EB841EC0037564E /* AppDelegate.m in Sources */,
				6CD3EC9A1EB87ED60037564E /* CLLockVC.m in Sources */,
				6CD3EC5A1EB85DBB0037564E /* LoginController.m in Sources */,
				6C50D02E1EC5B9A9000D97FC /* LiveFramLayoutControl.m in Sources */,
				6CFDBBE11ECAF7AD00014B5E /* playingTypeCell.m in Sources */,
				6CFDBBCF1ECA972D00014B5E /* CustomDiskInfoView.m in Sources */,
				6C00316F1EC02420004C1081 /* UIView+additional.m in Sources */,
				6C34BF1C1EC95B5900E65C3E /* RechargeControl.m in Sources */,
				6C50D0231EC5B6A5000D97FC /* verticalLayoutCell.m in Sources */,
				6CFD16791EBADBA300D9C9E1 /* GameElectronicMenu.m in Sources */,
				6C8DBE691EB97D60007C55F1 /* UserModel.m in Sources */,
				6C34BF0E1EC93DC900E65C3E /* MyAccountHeaderCell.m in Sources */,
				6CD3EC5D1EB85FFC0037564E /* camp.xcdatamodeld in Sources */,
				6CD3EC8D1EB87D940037564E /* CLLockView.m in Sources */,
				6CFDBBD71ECAE07900014B5E /* shortcutCollectionView.m in Sources */,
				6CB6A4ED1EB834B400FD9895 /* main.m in Sources */,
				6CD9B8421EBC7887001F5373 /* PopContentView.m in Sources */,
				6CEB31A81EBC281100A95344 /* GameCell.m in Sources */,
				6C50D0171EC5B03E000D97FC /* paramsModel.m in Sources */,
				6C50CFF21EC55102000D97FC /* sportsGameCell.m in Sources */,
				6CD9B8251EBC63F4001F5373 /* LiveVideoControl.m in Sources */,
				6C8DBE811EB9DD8E007C55F1 /* gameModel.m in Sources */,
				6C8DBE601EB970A1007C55F1 /* CSNetWorkIngManager.m in Sources */,
				6CD9B83F1EBC76D7001F5373 /* KLCPopup.m in Sources */,
				6CD3EC8B1EB87D940037564E /* CLLockLabel.m in Sources */,
				6CFD166C1EBAC21900D9C9E1 /* CampBaseControl.m in Sources */,
				6C34BF181EC9564600E65C3E /* LogOutCell.m in Sources */,
				6C34BF271EC9AC1C00E65C3E /* quotationInfoModel.m in Sources */,
				6CFDBBCB1ECA91E100014B5E /* Js_DiskInfoControl.m in Sources */,
				6C34BF091EC93BCB00E65C3E /* MyAccountControl.m in Sources */,
				6CFDBBC81ECA8E0200014B5E /* DiskPageNavigationController.m in Sources */,
				6C8DBE6F1EB98D2E007C55F1 /* MainTabBarControl.m in Sources */,
				6CD9B8461EBC8048001F5373 /* PopContentTableCell.m in Sources */,
				6CD3EC881EB87D940037564E /* CLLockNavVC.m in Sources */,
				6C34BF1F1EC95FEA00E65C3E /* CampBaseNavigationController.m in Sources */,
				6C8DBE7B1EB9CEB2007C55F1 /* DataBaseModel.m in Sources */,
				6CD3EC871EB87D940037564E /* CoreLockConst.m in Sources */,
				6CFDBBDA1ECAF4A600014B5E /* playTypeModel.m in Sources */,
				6CD3EC8A1EB87D940037564E /* CLLockItemView.m in Sources */,
				6C07C6571EC0042F0086869E /* typesModel.m in Sources */,
				6CD3EC8C1EB87D940037564E /* CLLockMainView.m in Sources */,
				6C07C65B1EC00A7D0086869E /* LotteryControl.m in Sources */,
			);
			runOnlyForDeploymentPostprocessing = 0;
		};
		6CB6A5001EB834B400FD9895 /* Sources */ = {
			isa = PBXSourcesBuildPhase;
			buildActionMask = 2147483647;
			files = (
				6CB6A5091EB834B400FD9895 /* campTests.m in Sources */,
			);
			runOnlyForDeploymentPostprocessing = 0;
		};
		6CB6A50B1EB834B400FD9895 /* Sources */ = {
			isa = PBXSourcesBuildPhase;
			buildActionMask = 2147483647;
			files = (
				6CB6A5141EB834B400FD9895 /* campUITests.m in Sources */,
			);
			runOnlyForDeploymentPostprocessing = 0;
		};
/* End PBXSourcesBuildPhase section */

/* Begin PBXTargetDependency section */
		6CB6A5061EB834B400FD9895 /* PBXTargetDependency */ = {
			isa = PBXTargetDependency;
			target = 6CB6A4E71EB834B400FD9895 /* camp */;
			targetProxy = 6CB6A5051EB834B400FD9895 /* PBXContainerItemProxy */;
		};
		6CB6A5111EB834B400FD9895 /* PBXTargetDependency */ = {
			isa = PBXTargetDependency;
			target = 6CB6A4E71EB834B400FD9895 /* camp */;
			targetProxy = 6CB6A5101EB834B400FD9895 /* PBXContainerItemProxy */;
		};
/* End PBXTargetDependency section */

/* Begin PBXVariantGroup section */
		6C0031881EC05859004C1081 /* LaunchScreen.storyboard */ = {
			isa = PBXVariantGroup;
			children = (
				6C0031891EC05859004C1081 /* Base */,
				6C0031941EC05F5C004C1081 /* zh-Hans */,
			);
			name = LaunchScreen.storyboard;
			sourceTree = "<group>";
		};
		6C0031981EC05F63004C1081 /* CustomLocalizable.strings */ = {
			isa = PBXVariantGroup;
			children = (
				6C0031971EC05F63004C1081 /* zh-Hans */,
				6C0031991EC05F64004C1081 /* en */,
			);
			name = CustomLocalizable.strings;
			sourceTree = "<group>";
		};
		6C50CFFD1EC55DE1000D97FC /* Main.storyboard */ = {
			isa = PBXVariantGroup;
			children = (
				6C50D0011EC55DED000D97FC /* zh-Hans */,
			);
			name = Main.storyboard;
			sourceTree = "<group>";
		};
		6C50D0021EC55E34000D97FC /* Main.storyboard */ = {
			isa = PBXVariantGroup;
			children = (
				6C50D0031EC55E34000D97FC /* en */,
			);
			name = Main.storyboard;
			sourceTree = "<group>";
		};
/* End PBXVariantGroup section */

/* Begin XCBuildConfiguration section */
		6CB6A5161EB834B400FD9895 /* Debug */ = {
			isa = XCBuildConfiguration;
			buildSettings = {
				ALWAYS_SEARCH_USER_PATHS = NO;
				CLANG_ANALYZER_LOCALIZABILITY_NONLOCALIZED = YES;
				CLANG_ANALYZER_NONNULL = YES;
				CLANG_ANALYZER_NUMBER_OBJECT_CONVERSION = YES_AGGRESSIVE;
				CLANG_CXX_LANGUAGE_STANDARD = "gnu++0x";
				CLANG_CXX_LIBRARY = "libc++";
				CLANG_ENABLE_MODULES = YES;
				CLANG_ENABLE_OBJC_ARC = YES;
				CLANG_WARN_BOOL_CONVERSION = YES;
				CLANG_WARN_CONSTANT_CONVERSION = YES;
				CLANG_WARN_DIRECT_OBJC_ISA_USAGE = YES_ERROR;
				CLANG_WARN_DOCUMENTATION_COMMENTS = YES;
				CLANG_WARN_EMPTY_BODY = YES;
				CLANG_WARN_ENUM_CONVERSION = YES;
				CLANG_WARN_INFINITE_RECURSION = YES;
				CLANG_WARN_INT_CONVERSION = YES;
				CLANG_WARN_OBJC_ROOT_CLASS = YES_ERROR;
				CLANG_WARN_SUSPICIOUS_MOVE = YES;
				CLANG_WARN_UNREACHABLE_CODE = YES;
				CLANG_WARN__DUPLICATE_METHOD_MATCH = YES;
				"CODE_SIGN_IDENTITY[sdk=iphoneos*]" = "iPhone Developer";
				COPY_PHASE_STRIP = NO;
				DEBUG_INFORMATION_FORMAT = dwarf;
				ENABLE_STRICT_OBJC_MSGSEND = YES;
				ENABLE_TESTABILITY = YES;
				GCC_C_LANGUAGE_STANDARD = gnu99;
				GCC_DYNAMIC_NO_PIC = NO;
				GCC_NO_COMMON_BLOCKS = YES;
				GCC_OPTIMIZATION_LEVEL = 0;
				GCC_PREPROCESSOR_DEFINITIONS = (
					"DEBUG=1",
					"$(inherited)",
				);
				GCC_WARN_64_TO_32_BIT_CONVERSION = YES;
				GCC_WARN_ABOUT_RETURN_TYPE = YES_ERROR;
				GCC_WARN_UNDECLARED_SELECTOR = YES;
				GCC_WARN_UNINITIALIZED_AUTOS = YES_AGGRESSIVE;
				GCC_WARN_UNUSED_FUNCTION = YES;
				GCC_WARN_UNUSED_VARIABLE = YES;
				IPHONEOS_DEPLOYMENT_TARGET = 10.3;
				MTL_ENABLE_DEBUG_INFO = YES;
				ONLY_ACTIVE_ARCH = YES;
				SDKROOT = iphoneos;
				TARGETED_DEVICE_FAMILY = "1,2";
			};
			name = Debug;
		};
		6CB6A5171EB834B400FD9895 /* Release */ = {
			isa = XCBuildConfiguration;
			buildSettings = {
				ALWAYS_SEARCH_USER_PATHS = NO;
				CLANG_ANALYZER_LOCALIZABILITY_NONLOCALIZED = YES;
				CLANG_ANALYZER_NONNULL = YES;
				CLANG_ANALYZER_NUMBER_OBJECT_CONVERSION = YES_AGGRESSIVE;
				CLANG_CXX_LANGUAGE_STANDARD = "gnu++0x";
				CLANG_CXX_LIBRARY = "libc++";
				CLANG_ENABLE_MODULES = YES;
				CLANG_ENABLE_OBJC_ARC = YES;
				CLANG_WARN_BOOL_CONVERSION = YES;
				CLANG_WARN_CONSTANT_CONVERSION = YES;
				CLANG_WARN_DIRECT_OBJC_ISA_USAGE = YES_ERROR;
				CLANG_WARN_DOCUMENTATION_COMMENTS = YES;
				CLANG_WARN_EMPTY_BODY = YES;
				CLANG_WARN_ENUM_CONVERSION = YES;
				CLANG_WARN_INFINITE_RECURSION = YES;
				CLANG_WARN_INT_CONVERSION = YES;
				CLANG_WARN_OBJC_ROOT_CLASS = YES_ERROR;
				CLANG_WARN_SUSPICIOUS_MOVE = YES;
				CLANG_WARN_UNREACHABLE_CODE = YES;
				CLANG_WARN__DUPLICATE_METHOD_MATCH = YES;
				"CODE_SIGN_IDENTITY[sdk=iphoneos*]" = "iPhone Developer";
				COPY_PHASE_STRIP = NO;
				DEBUG_INFORMATION_FORMAT = "dwarf-with-dsym";
				ENABLE_NS_ASSERTIONS = NO;
				ENABLE_STRICT_OBJC_MSGSEND = YES;
				GCC_C_LANGUAGE_STANDARD = gnu99;
				GCC_NO_COMMON_BLOCKS = YES;
				GCC_WARN_64_TO_32_BIT_CONVERSION = YES;
				GCC_WARN_ABOUT_RETURN_TYPE = YES_ERROR;
				GCC_WARN_UNDECLARED_SELECTOR = YES;
				GCC_WARN_UNINITIALIZED_AUTOS = YES_AGGRESSIVE;
				GCC_WARN_UNUSED_FUNCTION = YES;
				GCC_WARN_UNUSED_VARIABLE = YES;
				IPHONEOS_DEPLOYMENT_TARGET = 10.3;
				MTL_ENABLE_DEBUG_INFO = NO;
				SDKROOT = iphoneos;
				TARGETED_DEVICE_FAMILY = "1,2";
				VALIDATE_PRODUCT = YES;
			};
			name = Release;
		};
		6CB6A5191EB834B400FD9895 /* Debug */ = {
			isa = XCBuildConfiguration;
			baseConfigurationReference = FCFA61262C9A4A789AA407EE /* Pods-camp.debug.xcconfig */;
			buildSettings = {
				ASSETCATALOG_COMPILER_APPICON_NAME = AppIcon;
				GCC_PRECOMPILE_PREFIX_HEADER = YES;
				GCC_PREFIX_HEADER = "$(SRCROOT)/camp/Macro/PrefixHeader.pch";
				GCC_PREPROCESSOR_DEFINITIONS_NOT_USED_IN_PRECOMPS = "";
				INFOPLIST_FILE = camp/reSource/Info.plist;
				LD_RUNPATH_SEARCH_PATHS = "$(inherited) @executable_path/Frameworks";
				PRODUCT_BUNDLE_IDENTIFIER = com.camp.cn.camp;
				PRODUCT_NAME = "$(TARGET_NAME)";
			};
			name = Debug;
		};
		6CB6A51A1EB834B400FD9895 /* Release */ = {
			isa = XCBuildConfiguration;
			baseConfigurationReference = BB81A0DE3CE27D4FC81CED53 /* Pods-camp.release.xcconfig */;
			buildSettings = {
				ASSETCATALOG_COMPILER_APPICON_NAME = AppIcon;
				GCC_PRECOMPILE_PREFIX_HEADER = YES;
				GCC_PREFIX_HEADER = "$(SRCROOT)/camp/Macro/PrefixHeader.pch";
				GCC_PREPROCESSOR_DEFINITIONS_NOT_USED_IN_PRECOMPS = "";
				INFOPLIST_FILE = camp/reSource/Info.plist;
				LD_RUNPATH_SEARCH_PATHS = "$(inherited) @executable_path/Frameworks";
				PRODUCT_BUNDLE_IDENTIFIER = com.camp.cn.camp;
				PRODUCT_NAME = "$(TARGET_NAME)";
			};
			name = Release;
		};
		6CB6A51C1EB834B400FD9895 /* Debug */ = {
			isa = XCBuildConfiguration;
			buildSettings = {
				BUNDLE_LOADER = "$(TEST_HOST)";
				INFOPLIST_FILE = campTests/Info.plist;
				LD_RUNPATH_SEARCH_PATHS = "$(inherited) @executable_path/Frameworks @loader_path/Frameworks";
				PRODUCT_BUNDLE_IDENTIFIER = com.camp.cn.campTests;
				PRODUCT_NAME = "$(TARGET_NAME)";
				TEST_HOST = "$(BUILT_PRODUCTS_DIR)/camp.app/camp";
			};
			name = Debug;
		};
		6CB6A51D1EB834B400FD9895 /* Release */ = {
			isa = XCBuildConfiguration;
			buildSettings = {
				BUNDLE_LOADER = "$(TEST_HOST)";
				INFOPLIST_FILE = campTests/Info.plist;
				LD_RUNPATH_SEARCH_PATHS = "$(inherited) @executable_path/Frameworks @loader_path/Frameworks";
				PRODUCT_BUNDLE_IDENTIFIER = com.camp.cn.campTests;
				PRODUCT_NAME = "$(TARGET_NAME)";
				TEST_HOST = "$(BUILT_PRODUCTS_DIR)/camp.app/camp";
			};
			name = Release;
		};
		6CB6A51F1EB834B400FD9895 /* Debug */ = {
			isa = XCBuildConfiguration;
			buildSettings = {
				INFOPLIST_FILE = campUITests/Info.plist;
				LD_RUNPATH_SEARCH_PATHS = "$(inherited) @executable_path/Frameworks @loader_path/Frameworks";
				PRODUCT_BUNDLE_IDENTIFIER = com.camp.cn.campUITests;
				PRODUCT_NAME = "$(TARGET_NAME)";
				TEST_TARGET_NAME = camp;
			};
			name = Debug;
		};
		6CB6A5201EB834B400FD9895 /* Release */ = {
			isa = XCBuildConfiguration;
			buildSettings = {
				INFOPLIST_FILE = campUITests/Info.plist;
				LD_RUNPATH_SEARCH_PATHS = "$(inherited) @executable_path/Frameworks @loader_path/Frameworks";
				PRODUCT_BUNDLE_IDENTIFIER = com.camp.cn.campUITests;
				PRODUCT_NAME = "$(TARGET_NAME)";
				TEST_TARGET_NAME = camp;
			};
			name = Release;
		};
/* End XCBuildConfiguration section */

/* Begin XCConfigurationList section */
		6CB6A4E31EB834B400FD9895 /* Build configuration list for PBXProject "camp" */ = {
			isa = XCConfigurationList;
			buildConfigurations = (
				6CB6A5161EB834B400FD9895 /* Debug */,
				6CB6A5171EB834B400FD9895 /* Release */,
			);
			defaultConfigurationIsVisible = 0;
			defaultConfigurationName = Release;
		};
		6CB6A5181EB834B400FD9895 /* Build configuration list for PBXNativeTarget "camp" */ = {
			isa = XCConfigurationList;
			buildConfigurations = (
				6CB6A5191EB834B400FD9895 /* Debug */,
				6CB6A51A1EB834B400FD9895 /* Release */,
			);
			defaultConfigurationIsVisible = 0;
			defaultConfigurationName = Release;
		};
		6CB6A51B1EB834B400FD9895 /* Build configuration list for PBXNativeTarget "campTests" */ = {
			isa = XCConfigurationList;
			buildConfigurations = (
				6CB6A51C1EB834B400FD9895 /* Debug */,
				6CB6A51D1EB834B400FD9895 /* Release */,
			);
			defaultConfigurationIsVisible = 0;
			defaultConfigurationName = Release;
		};
		6CB6A51E1EB834B400FD9895 /* Build configuration list for PBXNativeTarget "campUITests" */ = {
			isa = XCConfigurationList;
			buildConfigurations = (
				6CB6A51F1EB834B400FD9895 /* Debug */,
				6CB6A5201EB834B400FD9895 /* Release */,
			);
			defaultConfigurationIsVisible = 0;
			defaultConfigurationName = Release;
		};
/* End XCConfigurationList section */

/* Begin XCVersionGroup section */
		6CD3EC5B1EB85FFC0037564E /* camp.xcdatamodeld */ = {
			isa = XCVersionGroup;
			children = (
				6CD3EC5C1EB85FFC0037564E /* camp.xcdatamodel */,
			);
			currentVersion = 6CD3EC5C1EB85FFC0037564E /* camp.xcdatamodel */;
			path = camp.xcdatamodeld;
			sourceTree = "<group>";
			versionGroupType = wrapper.xcdatamodel;
		};
/* End XCVersionGroup section */
	};
	rootObject = 6CB6A4E01EB834B400FD9895 /* Project object */;
}
